{
  "requires": true,
  "lockfileVersion": 1,
  "dependencies": {
    "abstract-leveldown": {
      "version": "6.0.3",
      "resolved": "https://registry.npmjs.org/abstract-leveldown/-/abstract-leveldown-6.0.3.tgz",
      "integrity": "sha512-jzewKKpZbaYUa6HTThnrl+GrJhzjEAeuc7hTVpZdzg7kupXZFoqQDFwyOwLNbmJKJlmzw8yiipMPkDiuKkT06Q==",
      "requires": {
        "level-concat-iterator": "~2.0.0",
        "xtend": "~4.0.0"
      }
    },
    "base64-js": {
      "version": "1.3.1",
      "resolved": "https://registry.npmjs.org/base64-js/-/base64-js-1.3.1.tgz",
      "integrity": "sha512-mLQ4i2QO1ytvGWFWmcngKO//JXAQueZvwEKtjgQFM4jIK0kU+ytMfplL8j+n5mspOfjHwoAg+9yhb7BwAHm36g=="
    },
    "bl": {
      "version": "0.8.2",
      "resolved": "https://registry.npmjs.org/bl/-/bl-0.8.2.tgz",
      "integrity": "sha1-yba8oI0bwuoA/Ir7Txpf0eHGbk4=",
      "requires": {
        "readable-stream": "~1.0.26"
      },
      "dependencies": {
        "readable-stream": {
          "version": "1.0.34",
          "resolved": "https://registry.npmjs.org/readable-stream/-/readable-stream-1.0.34.tgz",
          "integrity": "sha1-Elgg40vIQtLyqq+v5MKRbuMsFXw=",
          "requires": {
            "core-util-is": "~1.0.0",
            "inherits": "~2.0.1",
            "isarray": "0.0.1",
            "string_decoder": "~0.10.x"
          }
        },
        "string_decoder": {
          "version": "0.10.31",
          "resolved": "https://registry.npmjs.org/string_decoder/-/string_decoder-0.10.31.tgz",
          "integrity": "sha1-YuIDvEF2bGwoyfyEMB2rHFMQ+pQ="
        }
      }
    },
    "buffer": {
      "version": "5.5.0",
      "resolved": "https://registry.npmjs.org/buffer/-/buffer-5.5.0.tgz",
      "integrity": "sha512-9FTEDjLjwoAkEwyMGDjYJQN2gfRgOKBKRfiglhvibGbpeeU/pQn1bJxQqm32OD/AIeEuHxU9roxXxg34Byp/Ww==",
      "requires": {
        "base64-js": "^1.0.2",
        "ieee754": "^1.1.4"
      }
    },
    "bytewise": {
      "version": "1.1.0",
      "resolved": "https://registry.npmjs.org/bytewise/-/bytewise-1.1.0.tgz",
      "integrity": "sha1-HRPL/3F65xWAlKqIGzXQgbOHJT4=",
      "requires": {
        "bytewise-core": "^1.2.2",
        "typewise": "^1.0.3"
      }
    },
    "bytewise-core": {
      "version": "1.2.3",
      "resolved": "https://registry.npmjs.org/bytewise-core/-/bytewise-core-1.2.3.tgz",
      "integrity": "sha1-P7QQx+kVWOsasiqCg0V3qmvWHUI=",
      "requires": {
        "typewise-core": "^1.2"
      }
    },
    "chloride": {
      "version": "2.2.14",
      "resolved": "https://registry.npmjs.org/chloride/-/chloride-2.2.14.tgz",
      "integrity": "sha512-Jp3kpDIO4MlcJCFi4jER9P7k3sAVvIwbe4QJtM9Nkp43e/GQ/98HU1wJS6NdU6cbzfGrKWmMdRB+VNRrCynzfw==",
      "requires": {
        "is-electron": "^2.2.0",
        "sodium-browserify": "^1.2.7",
        "sodium-browserify-tweetnacl": "^0.2.5",
        "sodium-chloride": "^1.1.2",
        "sodium-native": "^2.1.6"
      }
    },
    "chloride-test": {
      "version": "1.2.4",
      "resolved": "https://registry.npmjs.org/chloride-test/-/chloride-test-1.2.4.tgz",
      "integrity": "sha512-9vhoi1qXSBPn6//ZxIgSe3M2QhKHzIPZQzmrZgmPADsqW0Jxpe3db1e7aGSRUMXbxAQ04SfypdT8dGaSvIvKDw==",
      "requires": {
        "json-buffer": "^2.0.11"
      }
    },
    "commander": {
      "version": "2.20.3",
      "resolved": "https://registry.npmjs.org/commander/-/commander-2.20.3.tgz",
      "integrity": "sha512-GpVkmM8vF2vQUkj2LvZmD35JxeJOLCwJ9cUkugyk2nuhbv3+mJvpLYYt+0+USMxE+oj+ey/lJEnhZw75x/OMcQ=="
    },
    "cont": {
      "version": "1.0.3",
      "resolved": "https://registry.npmjs.org/cont/-/cont-1.0.3.tgz",
      "integrity": "sha1-aHTx6TX8qZ0EjK6qrZoK6wILzOA=",
      "requires": {
        "continuable": "~1.2.0",
        "continuable-para": "~1.2.0",
        "continuable-series": "~1.2.0"
      }
    },
    "continuable": {
      "version": "1.2.0",
      "resolved": "https://registry.npmjs.org/continuable/-/continuable-1.2.0.tgz",
      "integrity": "sha1-CCd0aNQRNiAAdMz4cpQwjRafJbY="
    },
    "continuable-hash": {
      "version": "0.1.4",
      "resolved": "https://registry.npmjs.org/continuable-hash/-/continuable-hash-0.1.4.tgz",
      "integrity": "sha1-gcdNQXcdjJJ4Ph4A5fEbNNbfx4w=",
      "requires": {
        "continuable": "~1.1.6"
      },
      "dependencies": {
        "continuable": {
          "version": "1.1.8",
          "resolved": "https://registry.npmjs.org/continuable/-/continuable-1.1.8.tgz",
          "integrity": "sha1-3Id7R0FghwrjvN6HM2Jo6+UFl9U="
        }
      }
    },
    "continuable-list": {
      "version": "0.1.6",
      "resolved": "https://registry.npmjs.org/continuable-list/-/continuable-list-0.1.6.tgz",
      "integrity": "sha1-h88G7FgHFuEN/5X7C4TF8OisrF8=",
      "requires": {
        "continuable": "~1.1.6"
      },
      "dependencies": {
        "continuable": {
          "version": "1.1.8",
          "resolved": "https://registry.npmjs.org/continuable/-/continuable-1.1.8.tgz",
          "integrity": "sha1-3Id7R0FghwrjvN6HM2Jo6+UFl9U="
        }
      }
    },
    "continuable-para": {
      "version": "1.2.0",
      "resolved": "https://registry.npmjs.org/continuable-para/-/continuable-para-1.2.0.tgz",
      "integrity": "sha1-RFUQ9klFndD8NchyAVFGEicxxYM=",
      "requires": {
        "continuable-hash": "~0.1.4",
        "continuable-list": "~0.1.5"
      }
    },
    "continuable-series": {
      "version": "1.2.0",
      "resolved": "https://registry.npmjs.org/continuable-series/-/continuable-series-1.2.0.tgz",
      "integrity": "sha1-MkM5euk6cdZVswJoNKUVkLlYueg="
    },
    "core-util-is": {
      "version": "1.0.2",
      "resolved": "https://registry.npmjs.org/core-util-is/-/core-util-is-1.0.2.tgz",
      "integrity": "sha1-tf1UIgqivFq1eqtxQMlAdUUDwac="
    },
    "debug": {
      "version": "4.1.1",
      "resolved": "https://registry.npmjs.org/debug/-/debug-4.1.1.tgz",
      "integrity": "sha512-pYAIzeRo8J6KPEaJ0VWOh5Pzkbw/RetuzehGM7QRRX5he4fPHx2rdKMB256ehJCkX+XRQm16eZLqLNS8RSZXZw==",
      "requires": {
        "ms": "^2.1.1"
      }
    },
    "deep-extend": {
      "version": "0.6.0",
      "resolved": "https://registry.npmjs.org/deep-extend/-/deep-extend-0.6.0.tgz",
      "integrity": "sha512-LOHxIOaPYdHlJRtCQfDIVZtfw/ufM8+rVj649RIHzcm/vGwQRXFt6OPqIFWsm2XEMrNIEtWR64sY1LEKD2vAOA=="
    },
    "deferred-leveldown": {
      "version": "5.3.0",
      "resolved": "https://registry.npmjs.org/deferred-leveldown/-/deferred-leveldown-5.3.0.tgz",
      "integrity": "sha512-a59VOT+oDy7vtAbLRCZwWgxu2BaCfd5Hk7wxJd48ei7I+nsg8Orlb9CLG0PMZienk9BSUKgeAqkO2+Lw+1+Ukw==",
      "requires": {
        "abstract-leveldown": "~6.2.1",
        "inherits": "^2.0.3"
      },
      "dependencies": {
        "abstract-leveldown": {
          "version": "6.2.3",
          "resolved": "https://registry.npmjs.org/abstract-leveldown/-/abstract-leveldown-6.2.3.tgz",
          "integrity": "sha512-BsLm5vFMRUrrLeCcRc+G0t2qOaTzpoJQLOubq2XM72eNpjF5UdU5o/5NvlNhx95XHcAvcl8OMXr4mlg/fRgUXQ==",
          "requires": {
            "buffer": "^5.5.0",
            "immediate": "^3.2.3",
            "level-concat-iterator": "~2.0.0",
            "level-supports": "~1.0.0",
            "xtend": "~4.0.0"
          }
        }
      }
    },
    "discontinuous-range": {
      "version": "1.0.0",
      "resolved": "https://registry.npmjs.org/discontinuous-range/-/discontinuous-range-1.0.0.tgz",
      "integrity": "sha1-44Mx8IRLukm5qctxx3FYWqsbxlo="
    },
    "ed2curve": {
      "version": "0.1.4",
      "resolved": "https://registry.npmjs.org/ed2curve/-/ed2curve-0.1.4.tgz",
      "integrity": "sha1-lKRCSLuH2jXbDv968KpXYWgRf1k=",
      "requires": {
        "tweetnacl": "0.x.x"
      }
    },
    "encoding-down": {
      "version": "6.3.0",
      "resolved": "https://registry.npmjs.org/encoding-down/-/encoding-down-6.3.0.tgz",
      "integrity": "sha512-QKrV0iKR6MZVJV08QY0wp1e7vF6QbhnbQhb07bwpEyuz4uZiZgPlEGdkCROuFkUwdxlFaiPIhjyarH1ee/3vhw==",
      "requires": {
        "abstract-leveldown": "^6.2.1",
        "inherits": "^2.0.3",
        "level-codec": "^9.0.0",
        "level-errors": "^2.0.0"
      },
      "dependencies": {
        "abstract-leveldown": {
          "version": "6.2.3",
          "resolved": "https://registry.npmjs.org/abstract-leveldown/-/abstract-leveldown-6.2.3.tgz",
          "integrity": "sha512-BsLm5vFMRUrrLeCcRc+G0t2qOaTzpoJQLOubq2XM72eNpjF5UdU5o/5NvlNhx95XHcAvcl8OMXr4mlg/fRgUXQ==",
          "requires": {
            "buffer": "^5.5.0",
            "immediate": "^3.2.3",
            "level-concat-iterator": "~2.0.0",
            "level-supports": "~1.0.0",
            "xtend": "~4.0.0"
          }
        }
      }
    },
    "errno": {
      "version": "0.1.7",
      "resolved": "https://registry.npmjs.org/errno/-/errno-0.1.7.tgz",
      "integrity": "sha512-MfrRBDWzIWifgq6tJj60gkAwtLNb6sQPlcFrSOflcP1aFmmruKQ2wRnze/8V6kgyz7H3FF8Npzv78mZ7XLLflg==",
      "requires": {
        "prr": "~1.0.1"
      }
    },
    "explain-error": {
      "version": "1.0.4",
      "resolved": "https://registry.npmjs.org/explain-error/-/explain-error-1.0.4.tgz",
      "integrity": "sha1-p5PTrAytTGq1cemWj7urbLJTKSk="
    },
    "ieee754": {
      "version": "1.1.13",
      "resolved": "https://registry.npmjs.org/ieee754/-/ieee754-1.1.13.tgz",
      "integrity": "sha512-4vf7I2LYV/HaWerSo3XmlMkp5eZ83i+/CDluXi/IGTs/O1sejBNhTtnxzmRZfvOUqj7lZjqHkeTvpgSFDlWZTg=="
    },
    "immediate": {
      "version": "3.2.3",
      "resolved": "https://registry.npmjs.org/immediate/-/immediate-3.2.3.tgz",
      "integrity": "sha1-0UD6j2FGWb1lQSMwl92qwlzdmRw="
    },
    "increment-buffer": {
      "version": "1.0.1",
      "resolved": "https://registry.npmjs.org/increment-buffer/-/increment-buffer-1.0.1.tgz",
      "integrity": "sha1-ZQdtdRidgIs5rROrW5WOBSFvng0="
    },
    "inherits": {
      "version": "2.0.4",
      "resolved": "https://registry.npmjs.org/inherits/-/inherits-2.0.4.tgz",
      "integrity": "sha512-k/vGaX4/Yla3WzyMCvTQOXYeIHvqOKtnqBduzTHpzpQZzAskKMhZ2K+EnBiSM9zGSoIFeMpXKxa4dYeZIQqewQ=="
    },
    "ini": {
      "version": "1.3.5",
      "resolved": "https://registry.npmjs.org/ini/-/ini-1.3.5.tgz",
      "integrity": "sha512-RZY5huIKCMRWDUqZlEi72f/lmXKMvuszcMBduliQ3nnWbx9X/ZBQO7DijMEYS9EhHBb2qacRUMtC7svLwe0lcw=="
    },
    "ip": {
      "version": "1.1.5",
      "resolved": "https://registry.npmjs.org/ip/-/ip-1.1.5.tgz",
      "integrity": "sha1-vd7XARQpCCjAoDnnLvJfWq7ENUo="
    },
    "is-canonical-base64": {
      "version": "1.1.1",
      "resolved": "https://registry.npmjs.org/is-canonical-base64/-/is-canonical-base64-1.1.1.tgz",
      "integrity": "sha512-o6t/DwgEapC0bsloqtegAQyZzQXaQ5+8fzsyf2KmLqupC2ifLFq/lMQiFCJeGpdSrK1o6GL+WW2lRU050lLlFg=="
    },
    "is-electron": {
      "version": "2.2.0",
      "resolved": "https://registry.npmjs.org/is-electron/-/is-electron-2.2.0.tgz",
      "integrity": "sha512-SpMppC2XR3YdxSzczXReBjqs2zGscWQpBIKqwXYBFic0ERaxNVgwLCHwOLZeESfdJQjX0RDvrJ1lBXX2ij+G1Q=="
    },
    "is-typedarray": {
      "version": "1.0.0",
      "resolved": "https://registry.npmjs.org/is-typedarray/-/is-typedarray-1.0.0.tgz",
      "integrity": "sha1-5HnICFjfDBsR3dppQPlgEfzaSpo="
    },
    "is-valid-domain": {
      "version": "0.0.14",
      "resolved": "https://registry.npmjs.org/is-valid-domain/-/is-valid-domain-0.0.14.tgz",
      "integrity": "sha512-MTUz/3y25zTtutAfwrLyFK+1l2IL4bcq2iHVdYHIPQbvBJLunlYu9dsQdtLwD9HKPDyxCDlKnSbGcRwvjVeCxA=="
    },
    "isarray": {
      "version": "0.0.1",
      "resolved": "https://registry.npmjs.org/isarray/-/isarray-0.0.1.tgz",
      "integrity": "sha1-ihis/Kmo9Bd+Cav8YDiTmwXR7t8="
    },
    "json-buffer": {
      "version": "2.0.11",
      "resolved": "https://registry.npmjs.org/json-buffer/-/json-buffer-2.0.11.tgz",
      "integrity": "sha1-PkQf2jCYvo0eMXGtWRvGKjPi1V8="
    },
    "level": {
      "version": "5.0.1",
      "resolved": "https://registry.npmjs.org/level/-/level-5.0.1.tgz",
      "integrity": "sha512-wcak5OQeA4rURGacqS62R/xNHjCYnJSQDBOlm4KNUGJVE9bWv2B04TclqReYejN+oD65PzD4FsqeWoI5wNC5Lg==",
      "requires": {
        "level-js": "^4.0.0",
        "level-packager": "^5.0.0",
        "leveldown": "^5.0.0",
        "opencollective-postinstall": "^2.0.0"
      }
    },
    "level-codec": {
      "version": "9.0.1",
      "resolved": "https://registry.npmjs.org/level-codec/-/level-codec-9.0.1.tgz",
      "integrity": "sha512-ajFP0kJ+nyq4i6kptSM+mAvJKLOg1X5FiFPtLG9M5gCEZyBmgDi3FkDrvlMkEzrUn1cWxtvVmrvoS4ASyO/q+Q=="
    },
    "level-concat-iterator": {
      "version": "2.0.1",
      "resolved": "https://registry.npmjs.org/level-concat-iterator/-/level-concat-iterator-2.0.1.tgz",
      "integrity": "sha512-OTKKOqeav2QWcERMJR7IS9CUo1sHnke2C0gkSmcR7QuEtFNLLzHQAvnMw8ykvEcv0Qtkg0p7FOwP1v9e5Smdcw=="
    },
    "level-errors": {
      "version": "2.0.1",
      "resolved": "https://registry.npmjs.org/level-errors/-/level-errors-2.0.1.tgz",
      "integrity": "sha512-UVprBJXite4gPS+3VznfgDSU8PTRuVX0NXwoWW50KLxd2yw4Y1t2JUR5In1itQnudZqRMT9DlAM3Q//9NCjCFw==",
      "requires": {
        "errno": "~0.1.1"
      }
    },
    "level-iterator-stream": {
      "version": "4.0.2",
      "resolved": "https://registry.npmjs.org/level-iterator-stream/-/level-iterator-stream-4.0.2.tgz",
      "integrity": "sha512-ZSthfEqzGSOMWoUGhTXdX9jv26d32XJuHz/5YnuHZzH6wldfWMOVwI9TBtKcya4BKTyTt3XVA0A3cF3q5CY30Q==",
      "requires": {
        "inherits": "^2.0.4",
        "readable-stream": "^3.4.0",
        "xtend": "^4.0.2"
      }
    },
    "level-js": {
      "version": "4.0.2",
      "resolved": "https://registry.npmjs.org/level-js/-/level-js-4.0.2.tgz",
      "integrity": "sha512-PeGjZsyMG4O89KHiez1zoMJxStnkM+oBIqgACjoo5PJqFiSUUm3GNod/KcbqN5ktyZa8jkG7I1T0P2u6HN9lIg==",
      "requires": {
        "abstract-leveldown": "~6.0.1",
        "immediate": "~3.2.3",
        "inherits": "^2.0.3",
        "ltgt": "^2.1.2",
        "typedarray-to-buffer": "~3.1.5"
      }
    },
    "level-packager": {
      "version": "5.1.1",
      "resolved": "https://registry.npmjs.org/level-packager/-/level-packager-5.1.1.tgz",
      "integrity": "sha512-HMwMaQPlTC1IlcwT3+swhqf/NUO+ZhXVz6TY1zZIIZlIR0YSn8GtAAWmIvKjNY16ZkEg/JcpAuQskxsXqC0yOQ==",
      "requires": {
        "encoding-down": "^6.3.0",
        "levelup": "^4.3.2"
      }
    },
    "level-post": {
      "version": "1.0.7",
      "resolved": "https://registry.npmjs.org/level-post/-/level-post-1.0.7.tgz",
      "integrity": "sha512-PWYqG4Q00asOrLhX7BejSajByB4EmG2GaKHfj3h5UmmZ2duciXLPGYWIjBzLECFWUGOZWlm5B20h/n3Gs3HKew==",
      "requires": {
        "ltgt": "^2.1.2"
      }
    },
    "level-sublevel": {
      "version": "6.6.5",
      "resolved": "https://registry.npmjs.org/level-sublevel/-/level-sublevel-6.6.5.tgz",
      "integrity": "sha512-SBSR60x+dghhwGUxPKS+BvV1xNqnwsEUBKmnFepPaHJ6VkBXyPK9SImGc3K2BkwBfpxlt7GKkBNlCnrdufsejA==",
      "requires": {
        "bytewise": "~1.1.0",
        "levelup": "~0.19.0",
        "ltgt": "~2.1.1",
        "pull-defer": "^0.2.2",
        "pull-level": "^2.0.3",
        "pull-stream": "^3.6.8",
        "typewiselite": "~1.0.0",
        "xtend": "~4.0.0"
      },
      "dependencies": {
        "abstract-leveldown": {
          "version": "0.12.4",
          "resolved": "https://registry.npmjs.org/abstract-leveldown/-/abstract-leveldown-0.12.4.tgz",
          "integrity": "sha1-KeGOYy5g5OIh1YECR4UqY9ey5BA=",
          "requires": {
            "xtend": "~3.0.0"
          },
          "dependencies": {
            "xtend": {
              "version": "3.0.0",
              "resolved": "https://registry.npmjs.org/xtend/-/xtend-3.0.0.tgz",
              "integrity": "sha1-XM50B7r2Qsunvs2laBEcST9ZZlo="
            }
          }
        },
        "deferred-leveldown": {
          "version": "0.2.0",
          "resolved": "https://registry.npmjs.org/deferred-leveldown/-/deferred-leveldown-0.2.0.tgz",
          "integrity": "sha1-LO8fER4cV4cNi7uK8mUOWHzS9bQ=",
          "requires": {
            "abstract-leveldown": "~0.12.1"
          }
        },
        "levelup": {
          "version": "0.19.1",
          "resolved": "https://registry.npmjs.org/levelup/-/levelup-0.19.1.tgz",
          "integrity": "sha1-86anIFJyxLXzXkEv8ASgOgrt9Qs=",
          "requires": {
            "bl": "~0.8.1",
            "deferred-leveldown": "~0.2.0",
            "errno": "~0.1.1",
            "prr": "~0.0.0",
            "readable-stream": "~1.0.26",
            "semver": "~5.1.0",
            "xtend": "~3.0.0"
          },
          "dependencies": {
            "xtend": {
              "version": "3.0.0",
              "resolved": "https://registry.npmjs.org/xtend/-/xtend-3.0.0.tgz",
              "integrity": "sha1-XM50B7r2Qsunvs2laBEcST9ZZlo="
            }
          }
        },
        "ltgt": {
          "version": "2.1.3",
          "resolved": "https://registry.npmjs.org/ltgt/-/ltgt-2.1.3.tgz",
          "integrity": "sha1-EIUaBtmWS5cReEQcI8nlJpjuzjQ="
        },
        "prr": {
          "version": "0.0.0",
          "resolved": "https://registry.npmjs.org/prr/-/prr-0.0.0.tgz",
          "integrity": "sha1-GoS4WQgyVQFBGFPQCB7j+obikmo="
        },
        "readable-stream": {
          "version": "1.0.34",
          "resolved": "https://registry.npmjs.org/readable-stream/-/readable-stream-1.0.34.tgz",
          "integrity": "sha1-Elgg40vIQtLyqq+v5MKRbuMsFXw=",
          "requires": {
            "core-util-is": "~1.0.0",
            "inherits": "~2.0.1",
            "isarray": "0.0.1",
            "string_decoder": "~0.10.x"
          }
        },
        "string_decoder": {
          "version": "0.10.31",
          "resolved": "https://registry.npmjs.org/string_decoder/-/string_decoder-0.10.31.tgz",
          "integrity": "sha1-YuIDvEF2bGwoyfyEMB2rHFMQ+pQ="
        }
      }
    },
    "level-supports": {
      "version": "1.0.1",
      "resolved": "https://registry.npmjs.org/level-supports/-/level-supports-1.0.1.tgz",
      "integrity": "sha512-rXM7GYnW8gsl1vedTJIbzOrRv85c/2uCMpiiCzO2fndd06U/kUXEEU9evYn4zFggBOg36IsBW8LzqIpETwwQzg==",
      "requires": {
        "xtend": "^4.0.2"
      }
    },
    "leveldown": {
      "version": "5.6.0",
      "resolved": "https://registry.npmjs.org/leveldown/-/leveldown-5.6.0.tgz",
      "integrity": "sha512-iB8O/7Db9lPaITU1aA2txU/cBEXAt4vWwKQRrrWuS6XDgbP4QZGj9BL2aNbwb002atoQ/lIotJkfyzz+ygQnUQ==",
      "requires": {
        "abstract-leveldown": "~6.2.1",
        "napi-macros": "~2.0.0",
        "node-gyp-build": "~4.1.0"
      },
      "dependencies": {
        "abstract-leveldown": {
          "version": "6.2.3",
          "resolved": "https://registry.npmjs.org/abstract-leveldown/-/abstract-leveldown-6.2.3.tgz",
          "integrity": "sha512-BsLm5vFMRUrrLeCcRc+G0t2qOaTzpoJQLOubq2XM72eNpjF5UdU5o/5NvlNhx95XHcAvcl8OMXr4mlg/fRgUXQ==",
          "requires": {
            "buffer": "^5.5.0",
            "immediate": "^3.2.3",
            "level-concat-iterator": "~2.0.0",
            "level-supports": "~1.0.0",
            "xtend": "~4.0.0"
          }
        }
      }
    },
    "levelup": {
      "version": "4.3.2",
      "resolved": "https://registry.npmjs.org/levelup/-/levelup-4.3.2.tgz",
      "integrity": "sha512-cRTjU4ktWo59wf13PHEiOayHC3n0dOh4i5+FHr4tv4MX9+l7mqETicNq3Aj07HKlLdk0z5muVoDL2RD+ovgiyA==",
      "requires": {
        "deferred-leveldown": "~5.3.0",
        "level-errors": "~2.0.0",
        "level-iterator-stream": "~4.0.0",
        "level-supports": "~1.0.0",
        "xtend": "~4.0.0"
      }
    },
    "libsodium": {
      "version": "0.7.6",
      "resolved": "https://registry.npmjs.org/libsodium/-/libsodium-0.7.6.tgz",
      "integrity": "sha512-hPb/04sEuLcTRdWDtd+xH3RXBihpmbPCsKW/Jtf4PsvdyKh+D6z2D2gvp/5BfoxseP+0FCOg66kE+0oGUE/loQ=="
    },
    "libsodium-wrappers": {
      "version": "0.7.6",
      "resolved": "https://registry.npmjs.org/libsodium-wrappers/-/libsodium-wrappers-0.7.6.tgz",
      "integrity": "sha512-OUO2CWW5bHdLr6hkKLHIKI4raEkZrf3QHkhXsJ1yCh6MZ3JDA7jFD3kCATNquuGSG6MjjPHQIQms0y0gBDzjQg==",
      "requires": {
        "libsodium": "0.7.6"
      }
    },
    "lodash.get": {
      "version": "4.4.2",
      "resolved": "https://registry.npmjs.org/lodash.get/-/lodash.get-4.4.2.tgz",
      "integrity": "sha1-LRd/ZS+jHpObRDjVNBSZ36OCXpk="
    },
    "looper": {
      "version": "2.0.0",
      "resolved": "https://registry.npmjs.org/looper/-/looper-2.0.0.tgz",
      "integrity": "sha1-Zs0Md0rz1P7axTeU90LbVtqPCew="
    },
    "ltgt": {
      "version": "2.2.1",
      "resolved": "https://registry.npmjs.org/ltgt/-/ltgt-2.2.1.tgz",
      "integrity": "sha1-81ypHEk/e3PaDgdJUwTxezH4fuU="
    },
    "minimist": {
      "version": "1.2.5",
      "resolved": "https://registry.npmjs.org/minimist/-/minimist-1.2.5.tgz",
      "integrity": "sha512-FM9nNUYrRBAELZQT3xeZQ7fmMOBg6nWNmJKTcgsJeaLstP/UODVpGsr5OhXhhXg6f+qtJ8uiZ+PUxkDWcgIXLw=="
    },
    "mkdirp": {
      "version": "0.5.5",
      "resolved": "https://registry.npmjs.org/mkdirp/-/mkdirp-0.5.5.tgz",
      "integrity": "sha512-NKmAlESf6jMGym1++R0Ra7wvhV+wFW63FaSOFPwRahvea0gMUcGUhVeAg/0BC0wiv9ih5NYPB1Wn1UEI1/L+xQ==",
      "requires": {
        "minimist": "^1.2.5"
      }
    },
    "moo": {
      "version": "0.5.1",
      "resolved": "https://registry.npmjs.org/moo/-/moo-0.5.1.tgz",
      "integrity": "sha512-I1mnb5xn4fO80BH9BLcF0yLypy2UKl+Cb01Fu0hJRkJjlCRtxZMWkTdAtDd5ZqCOxtCkhmRwyI57vWT+1iZ67w=="
    },
    "ms": {
      "version": "2.1.2",
      "resolved": "https://registry.npmjs.org/ms/-/ms-2.1.2.tgz",
      "integrity": "sha512-sGkPx+VjMtmA6MX27oA4FBFELFCZZ4S4XqeGOXCv68tT+jb3vk/RyaKWP0PTKyWtmLSM0b+adUTEvbs1PEaH2w=="
    },
    "multicb": {
      "version": "1.2.2",
      "resolved": "https://registry.npmjs.org/multicb/-/multicb-1.2.2.tgz",
      "integrity": "sha512-PZM4dhYFmCF6uZGWpEmoPMUqJBywS9IcAgybT2GmSpYI1BvGvoWSdbio+ik+q/YD2vodhvslESWIS3NnkKYdqQ=="
    },
    "multiserver": {
      "version": "3.6.0",
      "resolved": "https://registry.npmjs.org/multiserver/-/multiserver-3.6.0.tgz",
      "integrity": "sha512-MeANpx7//lJTwYKLYfsucdRvDafbyxaijUm9BhmF+QfLBMGRebNoKRYLhZItbHYAcsI0HBTtpBVHNw+bmRRnFQ==",
      "requires": {
        "debug": "^4.1.1",
        "multicb": "^1.2.2",
        "multiserver-scopes": "^1.0.0",
        "pull-cat": "~1.1.5",
        "pull-stream": "^3.6.1",
        "pull-ws": "^3.3.0",
        "secret-handshake": "^1.1.16",
        "separator-escape": "0.0.0",
        "socks": "^2.2.3",
        "stream-to-pull-stream": "^1.7.2"
      }
    },
    "multiserver-address": {
      "version": "1.0.1",
      "resolved": "https://registry.npmjs.org/multiserver-address/-/multiserver-address-1.0.1.tgz",
      "integrity": "sha512-IfZMAGs9onCLkYNSnNBri3JxuvhQYllMyh3W9ry86iEDcfW9uPVsHTHDsjDxQtL+dPq3byshmA+Y4LN2wLHwNw==",
      "requires": {
        "nearley": "^2.15.1"
      }
    },
    "multiserver-scopes": {
      "version": "1.0.0",
      "resolved": "https://registry.npmjs.org/multiserver-scopes/-/multiserver-scopes-1.0.0.tgz",
      "integrity": "sha512-D3q4IujGRUIKETfR5s0kRtvXTjAMhyl7rtLEMXtvkg0lJPJyS5KYsAULFFy+dYv/+RC642aR1zo/RKNp6sdtQg==",
      "requires": {
        "non-private-ip": "^1.4.4"
      }
    },
    "muxrpc": {
      "version": "6.5.0",
      "resolved": "https://registry.npmjs.org/muxrpc/-/muxrpc-6.5.0.tgz",
      "integrity": "sha512-8kCo33LTYPYWAJGi2Ag2ukcluoNqJIe6Ay9QtGf7EXAUlTuMSA0HqR7jCbXt7DQPR4Alu/T3/mOguuERpDMGcw==",
      "requires": {
        "explain-error": "^1.0.1",
        "packet-stream": "~2.0.0",
        "packet-stream-codec": "^1.1.1",
        "pull-goodbye": "0.0.2",
        "pull-stream": "^3.6.10"
      }
    },
    "muxrpc-validation": {
      "version": "3.0.2",
      "resolved": "https://registry.npmjs.org/muxrpc-validation/-/muxrpc-validation-3.0.2.tgz",
      "integrity": "sha512-iWo/23xFnl+IGeX+LlfwoVKtyY4volPSodf3nwPScPgxjws4k2ZUozPG98OouMA0yn0JamqApjRw7eqLrzyV2A==",
      "requires": {
        "pull-stream": "^3.6.11",
        "zerr": "^1.0.4"
      }
    },
    "nan": {
      "version": "2.14.0",
      "resolved": "https://registry.npmjs.org/nan/-/nan-2.14.0.tgz",
      "integrity": "sha512-INOFj37C7k3AfaNTtX8RhsTw7qRy7eLET14cROi9+5HAVbbHuIWUHEauBv5qT4Av2tWasiTY1Jw6puUNqRJXQg==",
      "optional": true
    },
    "napi-macros": {
      "version": "2.0.0",
      "resolved": "https://registry.npmjs.org/napi-macros/-/napi-macros-2.0.0.tgz",
      "integrity": "sha512-A0xLykHtARfueITVDernsAWdtIMbOJgKgcluwENp3AlsKN/PloyO10HtmoqnFAQAcxPkgZN7wdfPfEd0zNGxbg=="
    },
    "nearley": {
      "version": "2.19.1",
      "resolved": "https://registry.npmjs.org/nearley/-/nearley-2.19.1.tgz",
      "integrity": "sha512-xq47GIUGXxU9vQg7g/y1o1xuKnkO7ev4nRWqftmQrLkfnE/FjRqDaGOUakM8XHPn/6pW3bGjU2wgoJyId90rqg==",
      "requires": {
        "commander": "^2.19.0",
        "moo": "^0.5.0",
        "railroad-diagrams": "^1.0.0",
        "randexp": "0.4.6",
        "semver": "^5.4.1"
      },
      "dependencies": {
        "semver": {
          "version": "5.7.1",
          "resolved": "https://registry.npmjs.org/semver/-/semver-5.7.1.tgz",
          "integrity": "sha512-sauaDf/PZdVgrLTNYHRtpXa1iRiKcaebiKQ1BJdpQlWH2lCvexQdX55snPFyK7QzpudqbCI0qXFfOasHdyNDGQ=="
        }
      }
    },
    "node-gyp-build": {
      "version": "4.1.1",
      "resolved": "https://registry.npmjs.org/node-gyp-build/-/node-gyp-build-4.1.1.tgz",
      "integrity": "sha512-dSq1xmcPDKPZ2EED2S6zw/b9NKsqzXRE6dVr8TVQnI3FJOTteUMuqF3Qqs6LZg+mLGYJWqQzMbIjMtJqTv87nQ=="
    },
    "non-private-ip": {
      "version": "1.4.4",
      "resolved": "https://registry.npmjs.org/non-private-ip/-/non-private-ip-1.4.4.tgz",
      "integrity": "sha512-K9nTVFOGUOYutaG8ywiKpCdVu458RFxSgSJ0rribUxtf5iLM9B2+raFJgkID3p5op0+twmoQqFaPnu9KYz6qzg==",
      "requires": {
        "ip": "^1.1.5"
      }
    },
    "opencollective-postinstall": {
      "version": "2.0.2",
      "resolved": "https://registry.npmjs.org/opencollective-postinstall/-/opencollective-postinstall-2.0.2.tgz",
      "integrity": "sha512-pVOEP16TrAO2/fjej1IdOyupJY8KDUM1CvsaScRbw6oddvpQoOfGk4ywha0HKKVAD6RkW4x6Q+tNBwhf3Bgpuw=="
    },
    "options": {
      "version": "0.0.6",
      "resolved": "https://registry.npmjs.org/options/-/options-0.0.6.tgz",
      "integrity": "sha1-7CLTEoBrtT5zF3Pnza788cZDEo8="
    },
    "os-homedir": {
      "version": "1.0.2",
      "resolved": "https://registry.npmjs.org/os-homedir/-/os-homedir-1.0.2.tgz",
      "integrity": "sha1-/7xJiDNuDoM94MFox+8VISGqf7M="
    },
    "packet-stream": {
      "version": "2.0.4",
      "resolved": "https://registry.npmjs.org/packet-stream/-/packet-stream-2.0.4.tgz",
      "integrity": "sha512-7+oxHdMMs6VhLvvbrDUc8QNuelE9fPKLDdToXBIKLPKOlnoBeMim+/35edp+AnFTLzk3xcogVvQ/jrZyyGsEiw=="
    },
    "packet-stream-codec": {
      "version": "1.1.2",
      "resolved": "https://registry.npmjs.org/packet-stream-codec/-/packet-stream-codec-1.1.2.tgz",
      "integrity": "sha1-ebMC/BRM37tKtv66cEDmpdmcecc=",
      "requires": {
        "pull-reader": "^1.2.4",
        "pull-through": "^1.0.17"
      }
    },
    "private-box": {
      "version": "0.3.1",
      "resolved": "https://registry.npmjs.org/private-box/-/private-box-0.3.1.tgz",
      "integrity": "sha512-abAuk3ZDyQvPLY6MygtwaDTUBIZ0C5wMMuX1jXa0svazV+keTwn7cPobRv4WYA9ctsDUztm/9CYu4y2TPL08xw==",
      "requires": {
        "chloride": "^2.2.9"
      }
    },
    "prr": {
      "version": "1.0.1",
      "resolved": "https://registry.npmjs.org/prr/-/prr-1.0.1.tgz",
      "integrity": "sha1-0/wRS6BplaRexok/SEzrHXj19HY="
    },
    "pull-box-stream": {
      "version": "1.0.13",
      "resolved": "https://registry.npmjs.org/pull-box-stream/-/pull-box-stream-1.0.13.tgz",
      "integrity": "sha1-w+JAOY6rP1lRsu0QeMWYi/egork=",
      "requires": {
        "chloride": "^2.2.7",
        "increment-buffer": "~1.0.0",
        "pull-reader": "^1.2.5",
        "pull-stream": "^3.2.3",
        "pull-through": "^1.0.18",
        "split-buffer": "~1.0.0"
      }
    },
    "pull-cat": {
      "version": "1.1.11",
      "resolved": "https://registry.npmjs.org/pull-cat/-/pull-cat-1.1.11.tgz",
      "integrity": "sha1-tkLdElXaN2pwa220+pYvX9t0wxs="
    },
    "pull-defer": {
      "version": "0.2.3",
      "resolved": "https://registry.npmjs.org/pull-defer/-/pull-defer-0.2.3.tgz",
      "integrity": "sha512-/An3KE7mVjZCqNhZsr22k1Tx8MACnUnHZZNPSJ0S62td8JtYr/AiRG42Vz7Syu31SoTLUzVIe61jtT/pNdjVYA=="
    },
    "pull-goodbye": {
      "version": "0.0.2",
      "resolved": "https://registry.npmjs.org/pull-goodbye/-/pull-goodbye-0.0.2.tgz",
      "integrity": "sha1-jYNX21XiKnEN//DxaoyQtF7+QXE=",
      "requires": {
        "pull-stream": "~3.5.0"
      },
      "dependencies": {
        "pull-stream": {
          "version": "3.5.0",
          "resolved": "https://registry.npmjs.org/pull-stream/-/pull-stream-3.5.0.tgz",
          "integrity": "sha1-HuW292/Ts6SaWvtt7VwDIKyzz8c="
        }
      }
    },
    "pull-handshake": {
      "version": "1.1.4",
      "resolved": "https://registry.npmjs.org/pull-handshake/-/pull-handshake-1.1.4.tgz",
      "integrity": "sha1-YACg/QGIhM39c3JU+Mxgqypjd5E=",
      "requires": {
        "pull-cat": "^1.1.9",
        "pull-pair": "~1.1.0",
        "pull-pushable": "^2.0.0",
        "pull-reader": "^1.2.3"
      }
    },
    "pull-hash": {
      "version": "1.0.0",
      "resolved": "https://registry.npmjs.org/pull-hash/-/pull-hash-1.0.0.tgz",
      "integrity": "sha1-/K1NJQe/LCsyMfZT3Jv7LbTw2Iw="
    },
    "pull-level": {
      "version": "2.0.4",
      "resolved": "https://registry.npmjs.org/pull-level/-/pull-level-2.0.4.tgz",
      "integrity": "sha512-fW6pljDeUThpq5KXwKbRG3X7Ogk3vc75d5OQU/TvXXui65ykm+Bn+fiktg+MOx2jJ85cd+sheufPL+rw9QSVZg==",
      "requires": {
        "level-post": "^1.0.7",
        "pull-cat": "^1.1.9",
        "pull-live": "^1.0.1",
        "pull-pushable": "^2.0.0",
        "pull-stream": "^3.4.0",
        "pull-window": "^2.1.4",
        "stream-to-pull-stream": "^1.7.1"
      }
    },
    "pull-live": {
      "version": "1.0.1",
      "resolved": "https://registry.npmjs.org/pull-live/-/pull-live-1.0.1.tgz",
      "integrity": "sha1-pOzuAeMwFV6RJLu89HYfIbOPUfU=",
      "requires": {
        "pull-cat": "^1.1.9",
        "pull-stream": "^3.4.0"
      }
    },
    "pull-pair": {
      "version": "1.1.0",
      "resolved": "https://registry.npmjs.org/pull-pair/-/pull-pair-1.1.0.tgz",
      "integrity": "sha1-fuQnJj/fTaglOXrAoF4atLdL120="
    },
    "pull-pushable": {
      "version": "2.2.0",
      "resolved": "https://registry.npmjs.org/pull-pushable/-/pull-pushable-2.2.0.tgz",
      "integrity": "sha1-Xy867UethpGfAbEqLpnW8b13ZYE="
    },
    "pull-reader": {
      "version": "1.3.1",
      "resolved": "https://registry.npmjs.org/pull-reader/-/pull-reader-1.3.1.tgz",
      "integrity": "sha512-CBkejkE5nX50SiSEzu0Qoz4POTJMS/mw8G6aj3h3M/RJoKgggLxyF0IyTZ0mmpXFlXRcLmLmIEW4xeYn7AeDYw=="
    },
    "pull-stream": {
      "version": "3.6.14",
      "resolved": "https://registry.npmjs.org/pull-stream/-/pull-stream-3.6.14.tgz",
      "integrity": "sha512-KIqdvpqHHaTUA2mCYcLG1ibEbu/LCKoJZsBWyv9lSYtPkJPBq8m3Hxa103xHi6D2thj5YXa0TqK3L3GUkwgnew=="
    },
    "pull-through": {
      "version": "1.0.18",
      "resolved": "https://registry.npmjs.org/pull-through/-/pull-through-1.0.18.tgz",
      "integrity": "sha1-jdYjFCY+Wc9Qlur7sSeitu8xBzU=",
      "requires": {
        "looper": "~3.0.0"
      },
      "dependencies": {
        "looper": {
          "version": "3.0.0",
          "resolved": "https://registry.npmjs.org/looper/-/looper-3.0.0.tgz",
          "integrity": "sha1-LvpUw7HLq6m5Su4uWRSwvlf7t0k="
        }
      }
    },
    "pull-window": {
      "version": "2.1.4",
      "resolved": "https://registry.npmjs.org/pull-window/-/pull-window-2.1.4.tgz",
      "integrity": "sha1-/DuG/uvRkgx64pdpHiP3BfiFUvA=",
      "requires": {
        "looper": "^2.0.0"
      }
    },
    "pull-ws": {
      "version": "3.3.2",
      "resolved": "https://registry.npmjs.org/pull-ws/-/pull-ws-3.3.2.tgz",
      "integrity": "sha512-Bn4bcJsSzJGOQl4RBulDhG1FkcbDHSCXteI8Jg5k4X6X5TxVzZzKilWJ1WV2v4OnRXl2eYbtHFGsPl8Cr1xJzw==",
      "requires": {
        "relative-url": "^1.0.2",
        "safe-buffer": "^5.1.1",
        "ws": "^1.1.0"
      }
    },
    "railroad-diagrams": {
      "version": "1.0.0",
      "resolved": "https://registry.npmjs.org/railroad-diagrams/-/railroad-diagrams-1.0.0.tgz",
      "integrity": "sha1-635iZ1SN3t+4mcG5Dlc3RVnN234="
    },
    "randexp": {
      "version": "0.4.6",
      "resolved": "https://registry.npmjs.org/randexp/-/randexp-0.4.6.tgz",
      "integrity": "sha512-80WNmd9DA0tmZrw9qQa62GPPWfuXJknrmVmLcxvq4uZBdYqb1wYoKTmnlGUchvVWe0XiLupYkBoXVOxz3C8DYQ==",
      "requires": {
        "discontinuous-range": "1.0.0",
        "ret": "~0.1.10"
      }
    },
    "rc": {
      "version": "1.2.8",
      "resolved": "https://registry.npmjs.org/rc/-/rc-1.2.8.tgz",
      "integrity": "sha512-y3bGgqKj3QBdxLbLkomlohkvsA8gdAiUQlSBJnBhfn+BPxg4bc62d8TcBW15wavDfgexCgccckhcZvywyQYPOw==",
      "requires": {
        "deep-extend": "^0.6.0",
        "ini": "~1.3.0",
        "minimist": "^1.2.0",
        "strip-json-comments": "~2.0.1"
      }
    },
    "readable-stream": {
      "version": "3.6.0",
      "resolved": "https://registry.npmjs.org/readable-stream/-/readable-stream-3.6.0.tgz",
      "integrity": "sha512-BViHy7LKeTz4oNnkcLJ+lVSL6vpiFeX6/d3oSH8zCW7UxP2onchk+vTGB143xuFjHS3deTgkKoXXymXqymiIdA==",
      "requires": {
        "inherits": "^2.0.3",
        "string_decoder": "^1.1.1",
        "util-deprecate": "^1.0.1"
      }
    },
    "relative-url": {
      "version": "1.0.2",
      "resolved": "https://registry.npmjs.org/relative-url/-/relative-url-1.0.2.tgz",
      "integrity": "sha1-0hxSpy1gYQGLzun5yfwQa/fWUoc="
    },
    "ret": {
      "version": "0.1.15",
      "resolved": "https://registry.npmjs.org/ret/-/ret-0.1.15.tgz",
      "integrity": "sha512-TTlYpa+OL+vMMNG24xSlQGEJ3B/RzEfUlLct7b5G/ytav+wPrplCpVMFuwzXbkecJrb6IYo1iFb0S9v37754mg=="
    },
    "safe-buffer": {
      "version": "5.2.0",
      "resolved": "https://registry.npmjs.org/safe-buffer/-/safe-buffer-5.2.0.tgz",
      "integrity": "sha512-fZEwUGbVl7kouZs1jCdMLdt95hdIv0ZeHg6L7qPeciMZhZ+/gdesW4wgTARkrFWEpspjEATAzUGPG8N2jJiwbg=="
    },
    "secret-handshake": {
      "version": "1.1.20",
      "resolved": "https://registry.npmjs.org/secret-handshake/-/secret-handshake-1.1.20.tgz",
      "integrity": "sha512-sDtmZDpibGH2ixj3FOmsC3Z/b08eaB2/KAvy2oSp4qvcGdhatBSfb1RdVpwjQl5c3J83WbBo1HSZ7DBtMu43lA==",
      "requires": {
        "chloride": "^2.2.8",
        "explain-error": "^1.0.4",
        "pull-box-stream": "^1.0.13",
        "pull-handshake": "^1.1.1",
        "pull-stream": "^3.4.5"
      }
    },
    "semver": {
      "version": "5.1.1",
      "resolved": "https://registry.npmjs.org/semver/-/semver-5.1.1.tgz",
      "integrity": "sha1-oykqNz5vPgeY2gsgZBuanFvEfhk="
    },
    "separator-escape": {
      "version": "0.0.0",
      "resolved": "https://registry.npmjs.org/separator-escape/-/separator-escape-0.0.0.tgz",
      "integrity": "sha1-5DNnaTICBFTjwUhwxRfqHeVsL6Q="
    },
    "sha.js": {
      "version": "2.4.5",
      "resolved": "https://registry.npmjs.org/sha.js/-/sha.js-2.4.5.tgz",
      "integrity": "sha1-J9Fx78yCoRi5ljn/WBZgJCtQbnw=",
      "requires": {
        "inherits": "^2.0.1"
      }
    },
    "smart-buffer": {
      "version": "4.1.0",
      "resolved": "https://registry.npmjs.org/smart-buffer/-/smart-buffer-4.1.0.tgz",
      "integrity": "sha512-iVICrxOzCynf/SNaBQCw34eM9jROU/s5rzIhpOvzhzuYHfJR/DhZfDkXiZSgKXfgv26HT3Yni3AV/DGw0cGnnw=="
    },
    "socks": {
      "version": "2.3.3",
      "resolved": "https://registry.npmjs.org/socks/-/socks-2.3.3.tgz",
      "integrity": "sha512-o5t52PCNtVdiOvzMry7wU4aOqYWL0PeCXRWBEiJow4/i/wr+wpsJQ9awEu1EonLIqsfGd5qSgDdxEOvCdmBEpA==",
      "requires": {
        "ip": "1.1.5",
        "smart-buffer": "^4.1.0"
      }
    },
    "sodium-browserify": {
      "version": "1.3.0",
      "resolved": "https://registry.npmjs.org/sodium-browserify/-/sodium-browserify-1.3.0.tgz",
      "integrity": "sha512-1KRS6Oew3X13AIZhbmGF0YBdt2pQdafJMfv83OZHWbzxG92YBBnN8HYx/VKmYB4xCe90eidNaDJWBEFw/o3ahw==",
      "requires": {
        "libsodium-wrappers": "^0.7.4",
        "sha.js": "2.4.5",
        "sodium-browserify-tweetnacl": "^0.2.5",
        "tweetnacl": "^0.14.1"
      }
    },
    "sodium-browserify-tweetnacl": {
      "version": "0.2.6",
      "resolved": "https://registry.npmjs.org/sodium-browserify-tweetnacl/-/sodium-browserify-tweetnacl-0.2.6.tgz",
      "integrity": "sha512-ZnEI26hdluilpYY28Xc4rc1ALfmEp2TWihkJX6Mdtw0z9RfHfpZJU7P8DoKbN1HcBdU9aJmguFZs7igE8nLJPg==",
      "requires": {
        "chloride-test": "^1.1.0",
        "ed2curve": "^0.1.4",
        "sha.js": "^2.4.8",
        "tweetnacl": "^1.0.1",
        "tweetnacl-auth": "^0.3.0"
      },
      "dependencies": {
        "sha.js": {
          "version": "2.4.11",
          "resolved": "https://registry.npmjs.org/sha.js/-/sha.js-2.4.11.tgz",
          "integrity": "sha512-QMEp5B7cftE7APOjk5Y6xgrbWu+WkLVQwk8JNjZ8nKRciZaByEW6MubieAiToS7+dwvrjGhH8jRXz3MVd0AYqQ==",
          "requires": {
            "inherits": "^2.0.1",
            "safe-buffer": "^5.0.1"
          }
        },
        "tweetnacl": {
          "version": "1.0.3",
          "resolved": "https://registry.npmjs.org/tweetnacl/-/tweetnacl-1.0.3.tgz",
          "integrity": "sha512-6rt+RN7aOi1nGMyC4Xa5DdYiukl2UWCbcJft7YhxReBGQD7OAM8Pbxw6YMo4r2diNEA8FEmu32YOn9rhaiE5yw=="
        }
      }
    },
    "sodium-chloride": {
      "version": "1.1.2",
      "resolved": "https://registry.npmjs.org/sodium-chloride/-/sodium-chloride-1.1.2.tgz",
      "integrity": "sha512-8AVzr9VHueXqfzfkzUA0aXe/Q4XG3UTmhlP6Pt+HQc5bbAPIJFo7ZIMh9tvn+99QuiMcyDJdYumegGAczl0N+g=="
    },
    "sodium-native": {
      "version": "2.4.9",
      "resolved": "https://registry.npmjs.org/sodium-native/-/sodium-native-2.4.9.tgz",
      "integrity": "sha512-mbkiyA2clyfwAyOFIzMvsV6ny2KrKEIhFVASJxWfsmgfUEymgLIS2MLHHcGIQMkrcKhPErRaMR5Dzv0EEn+BWg==",
      "optional": true,
      "requires": {
        "ini": "^1.3.5",
        "nan": "^2.14.0",
        "node-gyp-build": "^4.1.0"
      }
    },
    "split-buffer": {
      "version": "1.0.0",
      "resolved": "https://registry.npmjs.org/split-buffer/-/split-buffer-1.0.0.tgz",
      "integrity": "sha1-t+jgq1E0UVi3LB9tvvJAbVHx0Cc="
    },
    "ssb-caps": {
      "version": "1.1.0",
      "resolved": "https://registry.npmjs.org/ssb-caps/-/ssb-caps-1.1.0.tgz",
      "integrity": "sha512-qe3qpvchJ+gnH8M/ge4rpL+7eRbSmsEAzNwHkDdrW06OBcziQ6/KuAdmcR6joxCbNeoAXAZF+inkefgE16okXA=="
    },
    "ssb-client": {
      "version": "4.9.0",
      "resolved": "https://registry.npmjs.org/ssb-client/-/ssb-client-4.9.0.tgz",
      "integrity": "sha512-5wPrVA82Uk3deV2oiCZEbm1kMp9r/5xTT2VvwwMLZS3fDD9FnLOi0kjUUh3OTP+jGBK7bVHRmnvXIVy6ETnSpA==",
      "requires": {
        "explain-error": "^1.0.1",
        "multicb": "^1.2.1",
        "multiserver": "^3.1.2",
        "muxrpc": "^6.5.0",
        "pull-hash": "^1.0.0",
        "pull-stream": "^3.6.0",
        "ssb-config": "^3.4.4",
        "ssb-keys": "^7.2.1"
      }
    },
    "ssb-config": {
      "version": "3.4.4",
      "resolved": "https://registry.npmjs.org/ssb-config/-/ssb-config-3.4.4.tgz",
      "integrity": "sha512-J3fsWb5nS6PqObZLW2tclEz/bkRQ5pcF9goXanYGVsoH71F6W4f5sOnck9szeubI8srNaiL9pa0kPRv/lojHiw==",
      "requires": {
        "deep-extend": "^0.6.0",
        "ip": "^1.1.5",
        "lodash.get": "^4.4.2",
        "os-homedir": "^1.0.1",
        "rc": "^1.1.6",
        "ssb-caps": "^1.0.1",
        "ssb-keys": "^7.1.4"
      }
    },
    "ssb-invite": {
      "version": "2.1.4",
      "resolved": "https://registry.npmjs.org/ssb-invite/-/ssb-invite-2.1.4.tgz",
      "integrity": "sha512-bq4Iow4DOfsfWKE6otgD2+sWd59PcLW/WUbwZdJlukaT2m0nazPu2s8k9xX/95p+pJS7xkLyywHxMzytiKRqTg==",
      "requires": {
        "cont": "^1.0.3",
        "explain-error": "^1.0.4",
        "ip": "^1.1.5",
        "level": "^5.0.0",
        "level-sublevel": "^6.6.5",
        "muxrpc-validation": "^3.0.0",
        "ssb-client": "^4.7.4",
        "ssb-keys": "^7.1.3",
        "ssb-ref": "^2.13.9"
      }
    },
    "ssb-keys": {
      "version": "7.2.2",
      "resolved": "https://registry.npmjs.org/ssb-keys/-/ssb-keys-7.2.2.tgz",
      "integrity": "sha512-FPeyYU/3LpxcagnbmVWE+Q/qzg6keqeOBPbD7sEH9UKixUASeufPKiORDgh8nVX7J9Z+0vUaHt/WG999kGjvVQ==",
      "requires": {
        "chloride": "^2.2.8",
        "mkdirp": "~0.5.0",
        "private-box": "^0.3.0"
      }
    },
    "ssb-ref": {
      "version": "2.13.9",
      "resolved": "https://registry.npmjs.org/ssb-ref/-/ssb-ref-2.13.9.tgz",
      "integrity": "sha512-TfatNqLvoP+eW/pMIbCmNcaoDq4R2k8jCtWkwDKx4AtluN/LwtyP931d5Mh+2gmzA04W7kxkr6f5ENGgdadMYg==",
      "requires": {
        "ip": "^1.1.3",
        "is-canonical-base64": "^1.1.1",
        "is-valid-domain": "~0.0.1",
        "multiserver-address": "^1.0.1"
      }
    },
    "stream-to-pull-stream": {
      "version": "1.7.3",
      "resolved": "https://registry.npmjs.org/stream-to-pull-stream/-/stream-to-pull-stream-1.7.3.tgz",
      "integrity": "sha512-6sNyqJpr5dIOQdgNy/xcDWwDuzAsAwVzhzrWlAPAQ7Lkjx/rv0wgvxEyKwTq6FmNd5rjTrELt/CLmaSw7crMGg==",
      "requires": {
        "looper": "^3.0.0",
        "pull-stream": "^3.2.3"
      },
      "dependencies": {
        "looper": {
          "version": "3.0.0",
          "resolved": "https://registry.npmjs.org/looper/-/looper-3.0.0.tgz",
          "integrity": "sha1-LvpUw7HLq6m5Su4uWRSwvlf7t0k="
        }
      }
    },
    "string_decoder": {
      "version": "1.3.0",
      "resolved": "https://registry.npmjs.org/string_decoder/-/string_decoder-1.3.0.tgz",
      "integrity": "sha512-hkRX8U1WjJFd8LsDJ2yQ/wWWxaopEsABU1XfkM8A+j0+85JAGppt16cr1Whg6KIbb4okU6Mql6BOj+uup/wKeA==",
      "requires": {
        "safe-buffer": "~5.2.0"
      }
    },
    "strip-json-comments": {
      "version": "2.0.1",
      "resolved": "https://registry.npmjs.org/strip-json-comments/-/strip-json-comments-2.0.1.tgz",
      "integrity": "sha1-PFMZQukIwml8DsNEhYwobHygpgo="
    },
    "tweetnacl": {
      "version": "0.14.5",
      "resolved": "https://registry.npmjs.org/tweetnacl/-/tweetnacl-0.14.5.tgz",
      "integrity": "sha1-WuaBd/GS1EViadEIr6k/+HQ/T2Q="
    },
    "tweetnacl-auth": {
      "version": "0.3.1",
      "resolved": "https://registry.npmjs.org/tweetnacl-auth/-/tweetnacl-auth-0.3.1.tgz",
      "integrity": "sha1-t1vC3xVkm7hOi5qjwGacbEvODSU=",
      "requires": {
        "tweetnacl": "0.x.x"
      }
    },
    "typedarray-to-buffer": {
      "version": "3.1.5",
      "resolved": "https://registry.npmjs.org/typedarray-to-buffer/-/typedarray-to-buffer-3.1.5.tgz",
      "integrity": "sha512-zdu8XMNEDepKKR+XYOXAVPtWui0ly0NtohUscw+UmaHiAWT8hrV1rr//H6V+0DvJ3OQ19S979M0laLfX8rm82Q==",
      "requires": {
        "is-typedarray": "^1.0.0"
      }
    },
    "typewise": {
      "version": "1.0.3",
      "resolved": "https://registry.npmjs.org/typewise/-/typewise-1.0.3.tgz",
      "integrity": "sha1-EGeTZUCvl5N8xdz5kiSG6fooRlE=",
      "requires": {
        "typewise-core": "^1.2.0"
      }
    },
    "typewise-core": {
      "version": "1.2.0",
      "resolved": "https://registry.npmjs.org/typewise-core/-/typewise-core-1.2.0.tgz",
      "integrity": "sha1-l+uRgFx/VdL5QXSPpQ0xXZke8ZU="
    },
    "typewiselite": {
      "version": "1.0.0",
      "resolved": "https://registry.npmjs.org/typewiselite/-/typewiselite-1.0.0.tgz",
      "integrity": "sha1-yIgvobsQksBgBal/NO9chQjjZk4="
    },
    "ultron": {
      "version": "1.0.2",
      "resolved": "https://registry.npmjs.org/ultron/-/ultron-1.0.2.tgz",
      "integrity": "sha1-rOEWq1V80Zc4ak6I9GhTeMiy5Po="
    },
    "util-deprecate": {
      "version": "1.0.2",
      "resolved": "https://registry.npmjs.org/util-deprecate/-/util-deprecate-1.0.2.tgz",
      "integrity": "sha1-RQ1Nyfpw3nMnYvvS1KKJgUGaDM8="
    },
    "ws": {
      "version": "1.1.5",
      "resolved": "https://registry.npmjs.org/ws/-/ws-1.1.5.tgz",
      "integrity": "sha512-o3KqipXNUdS7wpQzBHSe180lBGO60SoK0yVo3CYJgb2MkobuWuBX6dhkYP5ORCLd55y+SaflMOV5fqAB53ux4w==",
      "requires": {
        "options": ">=0.0.5",
        "ultron": "1.0.x"
      }
    },
    "xtend": {
      "version": "4.0.2",
      "resolved": "https://registry.npmjs.org/xtend/-/xtend-4.0.2.tgz",
      "integrity": "sha512-LKYU1iAXJXUgAXn9URjiu+MWhyUXHsvfp7mcuYm9dSUKK0/CjtrUwFAxD82/mCWbtLsGjFIad0wIsod4zrTAEQ=="
    },
    "zerr": {
      "version": "1.0.4",
      "resolved": "https://registry.npmjs.org/zerr/-/zerr-1.0.4.tgz",
      "integrity": "sha1-YoFN15nv+DYfKiKPQfcFxeGd5Mk="
    }
  }
}
