// !$*UTF8*$!
{
	archiveVersion = 1;
	classes = {
	};
	objectVersion = 50;
	objects = {

/* Begin PBXBuildFile section */
		900BE2972458AEEC00C77595 /* Index.swift in Sources */ = {isa = PBXBuildFile; fileRef = 900BE2962458AEEC00C77595 /* Index.swift */; };
		900BE29A2458B05800C77595 /* Login.swift in Sources */ = {isa = PBXBuildFile; fileRef = 900BE2992458B05800C77595 /* Login.swift */; };
		902B7236247829E1007F4990 /* MultilineTextField.swift in Sources */ = {isa = PBXBuildFile; fileRef = 902B7235247829E1007F4990 /* MultilineTextField.swift */; };
		902D04752458AAA7007CFE56 /* AppDelegate.swift in Sources */ = {isa = PBXBuildFile; fileRef = 902D04742458AAA7007CFE56 /* AppDelegate.swift */; };
		902D04772458AAA7007CFE56 /* SceneDelegate.swift in Sources */ = {isa = PBXBuildFile; fileRef = 902D04762458AAA7007CFE56 /* SceneDelegate.swift */; };
		902D04792458AAA7007CFE56 /* MainScreen.swift in Sources */ = {isa = PBXBuildFile; fileRef = 902D04782458AAA7007CFE56 /* MainScreen.swift */; };
		902D047B2458AAAA007CFE56 /* Assets.xcassets in Resources */ = {isa = PBXBuildFile; fileRef = 902D047A2458AAAA007CFE56 /* Assets.xcassets */; };
		902D047E2458AAAA007CFE56 /* Preview Assets.xcassets in Resources */ = {isa = PBXBuildFile; fileRef = 902D047D2458AAAA007CFE56 /* Preview Assets.xcassets */; };
		902D04812458AAAA007CFE56 /* LaunchScreen.storyboard in Resources */ = {isa = PBXBuildFile; fileRef = 902D047F2458AAAA007CFE56 /* LaunchScreen.storyboard */; };
		902D048C2458AAAA007CFE56 /* feedlessTests.swift in Sources */ = {isa = PBXBuildFile; fileRef = 902D048B2458AAAA007CFE56 /* feedlessTests.swift */; };
		902D04972458AAAA007CFE56 /* feedlessUITests.swift in Sources */ = {isa = PBXBuildFile; fileRef = 902D04962458AAAA007CFE56 /* feedlessUITests.swift */; };
		9053055B245F7C23006C054D /* Utils.swift in Sources */ = {isa = PBXBuildFile; fileRef = 9053055A245F7C23006C054D /* Utils.swift */; };
		9053055F245FE975006C054D /* Types.swift in Sources */ = {isa = PBXBuildFile; fileRef = 9053055E245FE975006C054D /* Types.swift */; };
		9061FA9E246DA40500AA988A /* NavigationMenu.swift in Sources */ = {isa = PBXBuildFile; fileRef = 9061FA9D246DA40500AA988A /* NavigationMenu.swift */; };
		9061FAA0246E713C00AA988A /* ProfileScreen.swift in Sources */ = {isa = PBXBuildFile; fileRef = 9061FA9F246E713C00AA988A /* ProfileScreen.swift */; };
		907002132465A53400548946 /* NodeMobile.framework in Frameworks */ = {isa = PBXBuildFile; fileRef = 907002122465A53400548946 /* NodeMobile.framework */; };
		907002142465A53400548946 /* NodeMobile.framework in Embed Frameworks */ = {isa = PBXBuildFile; fileRef = 907002122465A53400548946 /* NodeMobile.framework */; settings = {ATTRIBUTES = (CodeSignOnCopy, RemoveHeadersOnCopy, ); }; };
		907002172466B77D00548946 /* Debug.swift in Sources */ = {isa = PBXBuildFile; fileRef = 907002162466B77D00548946 /* Debug.swift */; };
		907A594F24790EA0007C0983 /* CommunitiesList.swift in Sources */ = {isa = PBXBuildFile; fileRef = 907A594E24790E9F007C0983 /* CommunitiesList.swift */; };
		907A5951247912FA007C0983 /* CommunitiesShow.swift in Sources */ = {isa = PBXBuildFile; fileRef = 907A5950247912FA007C0983 /* CommunitiesShow.swift */; };
		907A595324791398007C0983 /* Communities.swift in Sources */ = {isa = PBXBuildFile; fileRef = 907A595224791398007C0983 /* Communities.swift */; };
		907A595524791ABF007C0983 /* communityDetails.json in Resources */ = {isa = PBXBuildFile; fileRef = 907A595424791ABF007C0983 /* communityDetails.json */; };
		907A59572479285B007C0983 /* CommunitiesTopic.swift in Sources */ = {isa = PBXBuildFile; fileRef = 907A59562479285B007C0983 /* CommunitiesTopic.swift */; };
		907A5959247A5282007C0983 /* PrimaryButton.swift in Sources */ = {isa = PBXBuildFile; fileRef = 907A5958247A5282007C0983 /* PrimaryButton.swift */; };
		907A595B247B1687007C0983 /* Search.swift in Sources */ = {isa = PBXBuildFile; fileRef = 907A595A247B1687007C0983 /* Search.swift */; };
		907A595D247B1A03007C0983 /* SearchScreen.swift in Sources */ = {isa = PBXBuildFile; fileRef = 907A595C247B1A03007C0983 /* SearchScreen.swift */; };
		907A595F247B250C007C0983 /* search.json in Resources */ = {isa = PBXBuildFile; fileRef = 907A595E247B250C007C0983 /* search.json */; };
		907A5961247B9D58007C0983 /* Router.swift in Sources */ = {isa = PBXBuildFile; fileRef = 907A5960247B9D58007C0983 /* Router.swift */; };
		907A5963247D7362007C0983 /* Extensions.swift in Sources */ = {isa = PBXBuildFile; fileRef = 907A5962247D7362007C0983 /* Extensions.swift */; };
		90B6A2DA2476B94F004B0BFF /* SecretMessagesModal.swift in Sources */ = {isa = PBXBuildFile; fileRef = 90B6A2D92476B94F004B0BFF /* SecretMessagesModal.swift */; };
		90B81B96245ECC00005C5D31 /* NodeRunner.mm in Sources */ = {isa = PBXBuildFile; fileRef = 90B81B95245ECC00005C5D31 /* NodeRunner.mm */; };
		90CDBA66246F5923008EA9BE /* Context.swift in Sources */ = {isa = PBXBuildFile; fileRef = 90CDBA65246F5923008EA9BE /* Context.swift */; };
		90CDBA68246F5971008EA9BE /* Profiles.swift in Sources */ = {isa = PBXBuildFile; fileRef = 90CDBA67246F5971008EA9BE /* Profiles.swift */; };
		90CDBA6C246F5B77008EA9BE /* Entries.swift in Sources */ = {isa = PBXBuildFile; fileRef = 90CDBA6B246F5B77008EA9BE /* Entries.swift */; };
		90CDBA6E246F5F2C008EA9BE /* DataLoader.swift in Sources */ = {isa = PBXBuildFile; fileRef = 90CDBA6D246F5F2C008EA9BE /* DataLoader.swift */; };
		90CDBA7124700D88008EA9BE /* Styles.swift in Sources */ = {isa = PBXBuildFile; fileRef = 90CDBA7024700D88008EA9BE /* Styles.swift */; };
		90CDBA7324701882008EA9BE /* Samples.swift in Sources */ = {isa = PBXBuildFile; fileRef = 90CDBA7224701882008EA9BE /* Samples.swift */; };
		90CDBA752470245F008EA9BE /* PostsList.swift in Sources */ = {isa = PBXBuildFile; fileRef = 90CDBA742470245F008EA9BE /* PostsList.swift */; };
		90CDBA77247026A5008EA9BE /* AsyncImage.swift in Sources */ = {isa = PBXBuildFile; fileRef = 90CDBA76247026A5008EA9BE /* AsyncImage.swift */; };
		90CDBA792470613D008EA9BE /* ImageLoader.swift in Sources */ = {isa = PBXBuildFile; fileRef = 90CDBA782470613D008EA9BE /* ImageLoader.swift */; };
		90CDBA7B24708D87008EA9BE /* FriendsScreen.swift in Sources */ = {isa = PBXBuildFile; fileRef = 90CDBA7A24708D87008EA9BE /* FriendsScreen.swift */; };
		90CDBA7D247123D9008EA9BE /* fullProfile.json in Resources */ = {isa = PBXBuildFile; fileRef = 90CDBA7C247123D9008EA9BE /* fullProfile.json */; };
		90CDBA7F247676B6008EA9BE /* SecretsScreen.swift in Sources */ = {isa = PBXBuildFile; fileRef = 90CDBA7E247676B6008EA9BE /* SecretsScreen.swift */; };
		90CDBA81247676F4008EA9BE /* Secrets.swift in Sources */ = {isa = PBXBuildFile; fileRef = 90CDBA80247676F4008EA9BE /* Secrets.swift */; };
		90CDBA842476815E008EA9BE /* secrets.json in Resources */ = {isa = PBXBuildFile; fileRef = 90CDBA832476815E008EA9BE /* secrets.json */; };
		90DD38042477EF0500B236A3 /* FocusableTextField.swift in Sources */ = {isa = PBXBuildFile; fileRef = 90DD38032477EF0500B236A3 /* FocusableTextField.swift */; };
/* End PBXBuildFile section */

/* Begin PBXContainerItemProxy section */
		902D04882458AAAA007CFE56 /* PBXContainerItemProxy */ = {
			isa = PBXContainerItemProxy;
			containerPortal = 902D04692458AAA7007CFE56 /* Project object */;
			proxyType = 1;
			remoteGlobalIDString = 902D04702458AAA7007CFE56;
			remoteInfo = feedless;
		};
		902D04932458AAAA007CFE56 /* PBXContainerItemProxy */ = {
			isa = PBXContainerItemProxy;
			containerPortal = 902D04692458AAA7007CFE56 /* Project object */;
			proxyType = 1;
			remoteGlobalIDString = 902D04702458AAA7007CFE56;
			remoteInfo = feedless;
		};
/* End PBXContainerItemProxy section */

/* Begin PBXCopyFilesBuildPhase section */
		90A1A5332460D24600D00245 /* Embed Frameworks */ = {
			isa = PBXCopyFilesBuildPhase;
			buildActionMask = 2147483647;
			dstPath = "";
			dstSubfolderSpec = 10;
			files = (
				907002142465A53400548946 /* NodeMobile.framework in Embed Frameworks */,
			);
			name = "Embed Frameworks";
			runOnlyForDeploymentPostprocessing = 0;
		};
/* End PBXCopyFilesBuildPhase section */

/* Begin PBXFileReference section */
		900BE2962458AEEC00C77595 /* Index.swift */ = {isa = PBXFileReference; lastKnownFileType = sourcecode.swift; path = Index.swift; sourceTree = "<group>"; };
		900BE2992458B05800C77595 /* Login.swift */ = {isa = PBXFileReference; lastKnownFileType = sourcecode.swift; path = Login.swift; sourceTree = "<group>"; };
		902B7235247829E1007F4990 /* MultilineTextField.swift */ = {isa = PBXFileReference; lastKnownFileType = sourcecode.swift; path = MultilineTextField.swift; sourceTree = "<group>"; };
		902D04712458AAA7007CFE56 /* Feedless.app */ = {isa = PBXFileReference; explicitFileType = wrapper.application; includeInIndex = 0; path = Feedless.app; sourceTree = BUILT_PRODUCTS_DIR; };
		902D04742458AAA7007CFE56 /* AppDelegate.swift */ = {isa = PBXFileReference; lastKnownFileType = sourcecode.swift; path = AppDelegate.swift; sourceTree = "<group>"; };
		902D04762458AAA7007CFE56 /* SceneDelegate.swift */ = {isa = PBXFileReference; lastKnownFileType = sourcecode.swift; path = SceneDelegate.swift; sourceTree = "<group>"; };
		902D04782458AAA7007CFE56 /* MainScreen.swift */ = {isa = PBXFileReference; lastKnownFileType = sourcecode.swift; path = MainScreen.swift; sourceTree = "<group>"; };
		902D047A2458AAAA007CFE56 /* Assets.xcassets */ = {isa = PBXFileReference; lastKnownFileType = folder.assetcatalog; path = Assets.xcassets; sourceTree = "<group>"; };
		902D047D2458AAAA007CFE56 /* Preview Assets.xcassets */ = {isa = PBXFileReference; lastKnownFileType = folder.assetcatalog; path = "Preview Assets.xcassets"; sourceTree = "<group>"; };
		902D04802458AAAA007CFE56 /* Base */ = {isa = PBXFileReference; lastKnownFileType = file.storyboard; name = Base; path = Base.lproj/LaunchScreen.storyboard; sourceTree = "<group>"; };
		902D04822458AAAA007CFE56 /* Info.plist */ = {isa = PBXFileReference; lastKnownFileType = text.plist.xml; path = Info.plist; sourceTree = "<group>"; };
		902D04872458AAAA007CFE56 /* feedlessTests.xctest */ = {isa = PBXFileReference; explicitFileType = wrapper.cfbundle; includeInIndex = 0; path = feedlessTests.xctest; sourceTree = BUILT_PRODUCTS_DIR; };
		902D048B2458AAAA007CFE56 /* feedlessTests.swift */ = {isa = PBXFileReference; lastKnownFileType = sourcecode.swift; path = feedlessTests.swift; sourceTree = "<group>"; };
		902D048D2458AAAA007CFE56 /* Info.plist */ = {isa = PBXFileReference; lastKnownFileType = text.plist.xml; path = Info.plist; sourceTree = "<group>"; };
		902D04922458AAAA007CFE56 /* feedlessUITests.xctest */ = {isa = PBXFileReference; explicitFileType = wrapper.cfbundle; includeInIndex = 0; path = feedlessUITests.xctest; sourceTree = BUILT_PRODUCTS_DIR; };
		902D04962458AAAA007CFE56 /* feedlessUITests.swift */ = {isa = PBXFileReference; lastKnownFileType = sourcecode.swift; path = feedlessUITests.swift; sourceTree = "<group>"; };
		902D04982458AAAA007CFE56 /* Info.plist */ = {isa = PBXFileReference; lastKnownFileType = text.plist.xml; path = Info.plist; sourceTree = "<group>"; };
		9053055A245F7C23006C054D /* Utils.swift */ = {isa = PBXFileReference; lastKnownFileType = sourcecode.swift; path = Utils.swift; sourceTree = "<group>"; };
		9053055E245FE975006C054D /* Types.swift */ = {isa = PBXFileReference; lastKnownFileType = sourcecode.swift; path = Types.swift; sourceTree = "<group>"; };
		905AA0B72463034600CEB583 /* backend */ = {isa = PBXFileReference; lastKnownFileType = folder; path = backend; sourceTree = "<group>"; };
		9061FA9D246DA40500AA988A /* NavigationMenu.swift */ = {isa = PBXFileReference; lastKnownFileType = sourcecode.swift; path = NavigationMenu.swift; sourceTree = "<group>"; };
		9061FA9F246E713C00AA988A /* ProfileScreen.swift */ = {isa = PBXFileReference; lastKnownFileType = sourcecode.swift; path = ProfileScreen.swift; sourceTree = "<group>"; };
		907002122465A53400548946 /* NodeMobile.framework */ = {isa = PBXFileReference; lastKnownFileType = wrapper.framework; name = NodeMobile.framework; path = libnode/NodeMobile.framework; sourceTree = "<group>"; };
		907002162466B77D00548946 /* Debug.swift */ = {isa = PBXFileReference; lastKnownFileType = sourcecode.swift; path = Debug.swift; sourceTree = "<group>"; };
		907A594E24790E9F007C0983 /* CommunitiesList.swift */ = {isa = PBXFileReference; lastKnownFileType = sourcecode.swift; path = CommunitiesList.swift; sourceTree = "<group>"; };
		907A5950247912FA007C0983 /* CommunitiesShow.swift */ = {isa = PBXFileReference; lastKnownFileType = sourcecode.swift; path = CommunitiesShow.swift; sourceTree = "<group>"; };
		907A595224791398007C0983 /* Communities.swift */ = {isa = PBXFileReference; lastKnownFileType = sourcecode.swift; path = Communities.swift; sourceTree = "<group>"; };
		907A595424791ABF007C0983 /* communityDetails.json */ = {isa = PBXFileReference; lastKnownFileType = text.json; path = communityDetails.json; sourceTree = "<group>"; };
		907A59562479285B007C0983 /* CommunitiesTopic.swift */ = {isa = PBXFileReference; lastKnownFileType = sourcecode.swift; path = CommunitiesTopic.swift; sourceTree = "<group>"; };
		907A5958247A5282007C0983 /* PrimaryButton.swift */ = {isa = PBXFileReference; lastKnownFileType = sourcecode.swift; path = PrimaryButton.swift; sourceTree = "<group>"; };
		907A595A247B1687007C0983 /* Search.swift */ = {isa = PBXFileReference; lastKnownFileType = sourcecode.swift; path = Search.swift; sourceTree = "<group>"; };
		907A595C247B1A03007C0983 /* SearchScreen.swift */ = {isa = PBXFileReference; lastKnownFileType = sourcecode.swift; path = SearchScreen.swift; sourceTree = "<group>"; };
		907A595E247B250C007C0983 /* search.json */ = {isa = PBXFileReference; lastKnownFileType = text.json; path = search.json; sourceTree = "<group>"; };
		907A5960247B9D58007C0983 /* Router.swift */ = {isa = PBXFileReference; lastKnownFileType = sourcecode.swift; path = Router.swift; sourceTree = "<group>"; };
		907A5962247D7362007C0983 /* Extensions.swift */ = {isa = PBXFileReference; lastKnownFileType = sourcecode.swift; path = Extensions.swift; sourceTree = "<group>"; };
		90B6A2D92476B94F004B0BFF /* SecretMessagesModal.swift */ = {isa = PBXFileReference; lastKnownFileType = sourcecode.swift; path = SecretMessagesModal.swift; sourceTree = "<group>"; };
		90B81B93245ECBBB005C5D31 /* NodeRunner.h */ = {isa = PBXFileReference; lastKnownFileType = sourcecode.c.h; path = NodeRunner.h; sourceTree = "<group>"; };
		90B81B94245ECBFF005C5D31 /* feedless-Bridging-Header.h */ = {isa = PBXFileReference; lastKnownFileType = sourcecode.c.h; path = "feedless-Bridging-Header.h"; sourceTree = "<group>"; };
		90B81B95245ECC00005C5D31 /* NodeRunner.mm */ = {isa = PBXFileReference; lastKnownFileType = sourcecode.cpp.objcpp; path = NodeRunner.mm; sourceTree = "<group>"; };
		90CDBA65246F5923008EA9BE /* Context.swift */ = {isa = PBXFileReference; lastKnownFileType = sourcecode.swift; path = Context.swift; sourceTree = "<group>"; };
		90CDBA67246F5971008EA9BE /* Profiles.swift */ = {isa = PBXFileReference; lastKnownFileType = sourcecode.swift; path = Profiles.swift; sourceTree = "<group>"; };
		90CDBA6B246F5B77008EA9BE /* Entries.swift */ = {isa = PBXFileReference; lastKnownFileType = sourcecode.swift; path = Entries.swift; sourceTree = "<group>"; };
		90CDBA6D246F5F2C008EA9BE /* DataLoader.swift */ = {isa = PBXFileReference; lastKnownFileType = sourcecode.swift; path = DataLoader.swift; sourceTree = "<group>"; };
		90CDBA6F246F6525008EA9BE /* feedless.entitlements */ = {isa = PBXFileReference; lastKnownFileType = text.plist.entitlements; path = feedless.entitlements; sourceTree = "<group>"; };
		90CDBA7024700D88008EA9BE /* Styles.swift */ = {isa = PBXFileReference; lastKnownFileType = sourcecode.swift; path = Styles.swift; sourceTree = "<group>"; };
		90CDBA7224701882008EA9BE /* Samples.swift */ = {isa = PBXFileReference; lastKnownFileType = sourcecode.swift; path = Samples.swift; sourceTree = "<group>"; };
		90CDBA742470245F008EA9BE /* PostsList.swift */ = {isa = PBXFileReference; lastKnownFileType = sourcecode.swift; path = PostsList.swift; sourceTree = "<group>"; };
		90CDBA76247026A5008EA9BE /* AsyncImage.swift */ = {isa = PBXFileReference; lastKnownFileType = sourcecode.swift; path = AsyncImage.swift; sourceTree = "<group>"; };
		90CDBA782470613D008EA9BE /* ImageLoader.swift */ = {isa = PBXFileReference; lastKnownFileType = sourcecode.swift; path = ImageLoader.swift; sourceTree = "<group>"; };
		90CDBA7A24708D87008EA9BE /* FriendsScreen.swift */ = {isa = PBXFileReference; lastKnownFileType = sourcecode.swift; path = FriendsScreen.swift; sourceTree = "<group>"; };
		90CDBA7C247123D9008EA9BE /* fullProfile.json */ = {isa = PBXFileReference; lastKnownFileType = text.json; path = fullProfile.json; sourceTree = "<group>"; };
		90CDBA7E247676B6008EA9BE /* SecretsScreen.swift */ = {isa = PBXFileReference; lastKnownFileType = sourcecode.swift; path = SecretsScreen.swift; sourceTree = "<group>"; };
		90CDBA80247676F4008EA9BE /* Secrets.swift */ = {isa = PBXFileReference; lastKnownFileType = sourcecode.swift; path = Secrets.swift; sourceTree = "<group>"; };
		90CDBA832476815E008EA9BE /* secrets.json */ = {isa = PBXFileReference; lastKnownFileType = text.json; path = secrets.json; sourceTree = "<group>"; };
		90DD38032477EF0500B236A3 /* FocusableTextField.swift */ = {isa = PBXFileReference; lastKnownFileType = sourcecode.swift; path = FocusableTextField.swift; sourceTree = "<group>"; };
/* End PBXFileReference section */

/* Begin PBXFrameworksBuildPhase section */
		902D046E2458AAA7007CFE56 /* Frameworks */ = {
			isa = PBXFrameworksBuildPhase;
			buildActionMask = 2147483647;
			files = (
				907002132465A53400548946 /* NodeMobile.framework in Frameworks */,
			);
			runOnlyForDeploymentPostprocessing = 0;
		};
		902D04842458AAAA007CFE56 /* Frameworks */ = {
			isa = PBXFrameworksBuildPhase;
			buildActionMask = 2147483647;
			files = (
			);
			runOnlyForDeploymentPostprocessing = 0;
		};
		902D048F2458AAAA007CFE56 /* Frameworks */ = {
			isa = PBXFrameworksBuildPhase;
			buildActionMask = 2147483647;
			files = (
			);
			runOnlyForDeploymentPostprocessing = 0;
		};
/* End PBXFrameworksBuildPhase section */

/* Begin PBXGroup section */
		900BE2982458AF0C00C77595 /* screens */ = {
			isa = PBXGroup;
			children = (
				907A594D2478F9A4007C0983 /* communities */,
				900BE2962458AEEC00C77595 /* Index.swift */,
				900BE2992458B05800C77595 /* Login.swift */,
				902D04782458AAA7007CFE56 /* MainScreen.swift */,
				907002162466B77D00548946 /* Debug.swift */,
				9061FA9F246E713C00AA988A /* ProfileScreen.swift */,
				90CDBA7A24708D87008EA9BE /* FriendsScreen.swift */,
				90CDBA7E247676B6008EA9BE /* SecretsScreen.swift */,
				907A595C247B1A03007C0983 /* SearchScreen.swift */,
			);
			path = screens;
			sourceTree = "<group>";
		};
		902D04682458AAA7007CFE56 = {
			isa = PBXGroup;
			children = (
				905AA0B72463034600CEB583 /* backend */,
				902D04732458AAA7007CFE56 /* feedless */,
				902D048A2458AAAA007CFE56 /* feedlessTests */,
				902D04952458AAAA007CFE56 /* feedlessUITests */,
				902D04722458AAA7007CFE56 /* Products */,
				90B81B8E245ECB25005C5D31 /* Frameworks */,
			);
			sourceTree = "<group>";
		};
		902D04722458AAA7007CFE56 /* Products */ = {
			isa = PBXGroup;
			children = (
				902D04712458AAA7007CFE56 /* Feedless.app */,
				902D04872458AAAA007CFE56 /* feedlessTests.xctest */,
				902D04922458AAAA007CFE56 /* feedlessUITests.xctest */,
			);
			name = Products;
			sourceTree = "<group>";
		};
		902D04732458AAA7007CFE56 /* feedless */ = {
			isa = PBXGroup;
			children = (
				90CDBA64246F58FC008EA9BE /* state */,
				9061FA9C246DA3EC00AA988A /* components */,
				900BE2982458AF0C00C77595 /* screens */,
				90CDBA822476812D008EA9BE /* fixtures */,
				902D04742458AAA7007CFE56 /* AppDelegate.swift */,
				902D04762458AAA7007CFE56 /* SceneDelegate.swift */,
				902D047A2458AAAA007CFE56 /* Assets.xcassets */,
				902D047F2458AAAA007CFE56 /* LaunchScreen.storyboard */,
				902D04822458AAAA007CFE56 /* Info.plist */,
				90CDBA6F246F6525008EA9BE /* feedless.entitlements */,
				902D047C2458AAAA007CFE56 /* Preview Content */,
				90B81B93245ECBBB005C5D31 /* NodeRunner.h */,
				90B81B95245ECC00005C5D31 /* NodeRunner.mm */,
				90B81B94245ECBFF005C5D31 /* feedless-Bridging-Header.h */,
				9053055A245F7C23006C054D /* Utils.swift */,
				9053055E245FE975006C054D /* Types.swift */,
				90CDBA6D246F5F2C008EA9BE /* DataLoader.swift */,
				90CDBA7024700D88008EA9BE /* Styles.swift */,
				90CDBA7224701882008EA9BE /* Samples.swift */,
				907A5962247D7362007C0983 /* Extensions.swift */,
			);
			path = feedless;
			sourceTree = "<group>";
		};
		902D047C2458AAAA007CFE56 /* Preview Content */ = {
			isa = PBXGroup;
			children = (
				902D047D2458AAAA007CFE56 /* Preview Assets.xcassets */,
			);
			path = "Preview Content";
			sourceTree = "<group>";
		};
		902D048A2458AAAA007CFE56 /* feedlessTests */ = {
			isa = PBXGroup;
			children = (
				902D048B2458AAAA007CFE56 /* feedlessTests.swift */,
				902D048D2458AAAA007CFE56 /* Info.plist */,
			);
			path = feedlessTests;
			sourceTree = "<group>";
		};
		902D04952458AAAA007CFE56 /* feedlessUITests */ = {
			isa = PBXGroup;
			children = (
				902D04962458AAAA007CFE56 /* feedlessUITests.swift */,
				902D04982458AAAA007CFE56 /* Info.plist */,
			);
			path = feedlessUITests;
			sourceTree = "<group>";
		};
		9061FA9C246DA3EC00AA988A /* components */ = {
			isa = PBXGroup;
			children = (
				9061FA9D246DA40500AA988A /* NavigationMenu.swift */,
				90CDBA742470245F008EA9BE /* PostsList.swift */,
				90CDBA76247026A5008EA9BE /* AsyncImage.swift */,
				90B6A2D92476B94F004B0BFF /* SecretMessagesModal.swift */,
				90DD38032477EF0500B236A3 /* FocusableTextField.swift */,
				902B7235247829E1007F4990 /* MultilineTextField.swift */,
				907A5958247A5282007C0983 /* PrimaryButton.swift */,
			);
			path = components;
			sourceTree = "<group>";
		};
		907A594D2478F9A4007C0983 /* communities */ = {
			isa = PBXGroup;
			children = (
				907A594E24790E9F007C0983 /* CommunitiesList.swift */,
				907A5950247912FA007C0983 /* CommunitiesShow.swift */,
				907A59562479285B007C0983 /* CommunitiesTopic.swift */,
			);
			path = communities;
			sourceTree = "<group>";
		};
		90B81B8E245ECB25005C5D31 /* Frameworks */ = {
			isa = PBXGroup;
			children = (
				907002122465A53400548946 /* NodeMobile.framework */,
			);
			name = Frameworks;
			sourceTree = "<group>";
		};
		90CDBA64246F58FC008EA9BE /* state */ = {
			isa = PBXGroup;
			children = (
				90CDBA65246F5923008EA9BE /* Context.swift */,
				90CDBA67246F5971008EA9BE /* Profiles.swift */,
				90CDBA6B246F5B77008EA9BE /* Entries.swift */,
				90CDBA782470613D008EA9BE /* ImageLoader.swift */,
				90CDBA80247676F4008EA9BE /* Secrets.swift */,
				907A595224791398007C0983 /* Communities.swift */,
				907A595A247B1687007C0983 /* Search.swift */,
				907A5960247B9D58007C0983 /* Router.swift */,
			);
			path = state;
			sourceTree = "<group>";
		};
		90CDBA822476812D008EA9BE /* fixtures */ = {
			isa = PBXGroup;
			children = (
				90CDBA7C247123D9008EA9BE /* fullProfile.json */,
				90CDBA832476815E008EA9BE /* secrets.json */,
				907A595424791ABF007C0983 /* communityDetails.json */,
				907A595E247B250C007C0983 /* search.json */,
			);
			path = fixtures;
			sourceTree = "<group>";
		};
/* End PBXGroup section */

/* Begin PBXNativeTarget section */
		902D04702458AAA7007CFE56 /* feedless */ = {
			isa = PBXNativeTarget;
			buildConfigurationList = 902D049B2458AAAA007CFE56 /* Build configuration list for PBXNativeTarget "feedless" */;
			buildPhases = (
				902D046D2458AAA7007CFE56 /* Sources */,
				90FE79A3246298C1004CC526 /* [JS] Build native modules, concat script and copy backend to bundle */,
				902D046F2458AAA7007CFE56 /* Resources */,
				902D046E2458AAA7007CFE56 /* Frameworks */,
				90A1A5332460D24600D00245 /* Embed Frameworks */,
			);
			buildRules = (
			);
			dependencies = (
			);
			name = feedless;
			productName = feedless;
			productReference = 902D04712458AAA7007CFE56 /* Feedless.app */;
			productType = "com.apple.product-type.application";
		};
		902D04862458AAAA007CFE56 /* feedlessTests */ = {
			isa = PBXNativeTarget;
			buildConfigurationList = 902D049E2458AAAA007CFE56 /* Build configuration list for PBXNativeTarget "feedlessTests" */;
			buildPhases = (
				902D04832458AAAA007CFE56 /* Sources */,
				902D04842458AAAA007CFE56 /* Frameworks */,
				902D04852458AAAA007CFE56 /* Resources */,
			);
			buildRules = (
			);
			dependencies = (
				902D04892458AAAA007CFE56 /* PBXTargetDependency */,
			);
			name = feedlessTests;
			productName = feedlessTests;
			productReference = 902D04872458AAAA007CFE56 /* feedlessTests.xctest */;
			productType = "com.apple.product-type.bundle.unit-test";
		};
		902D04912458AAAA007CFE56 /* feedlessUITests */ = {
			isa = PBXNativeTarget;
			buildConfigurationList = 902D04A12458AAAA007CFE56 /* Build configuration list for PBXNativeTarget "feedlessUITests" */;
			buildPhases = (
				902D048E2458AAAA007CFE56 /* Sources */,
				902D048F2458AAAA007CFE56 /* Frameworks */,
				902D04902458AAAA007CFE56 /* Resources */,
			);
			buildRules = (
			);
			dependencies = (
				902D04942458AAAA007CFE56 /* PBXTargetDependency */,
			);
			name = feedlessUITests;
			productName = feedlessUITests;
			productReference = 902D04922458AAAA007CFE56 /* feedlessUITests.xctest */;
			productType = "com.apple.product-type.bundle.ui-testing";
		};
/* End PBXNativeTarget section */

/* Begin PBXProject section */
		902D04692458AAA7007CFE56 /* Project object */ = {
			isa = PBXProject;
			attributes = {
				LastSwiftUpdateCheck = 1130;
				LastUpgradeCheck = 1130;
				ORGANIZATIONNAME = "Rogerio Chaves";
				TargetAttributes = {
					902D04702458AAA7007CFE56 = {
						CreatedOnToolsVersion = 11.3.1;
						LastSwiftMigration = 1130;
					};
					902D04862458AAAA007CFE56 = {
						CreatedOnToolsVersion = 11.3.1;
						TestTargetID = 902D04702458AAA7007CFE56;
					};
					902D04912458AAAA007CFE56 = {
						CreatedOnToolsVersion = 11.3.1;
						TestTargetID = 902D04702458AAA7007CFE56;
					};
				};
			};
			buildConfigurationList = 902D046C2458AAA7007CFE56 /* Build configuration list for PBXProject "feedless" */;
			compatibilityVersion = "Xcode 9.3";
			developmentRegion = en;
			hasScannedForEncodings = 0;
			knownRegions = (
				en,
				Base,
			);
			mainGroup = 902D04682458AAA7007CFE56;
			productRefGroup = 902D04722458AAA7007CFE56 /* Products */;
			projectDirPath = "";
			projectRoot = "";
			targets = (
				902D04702458AAA7007CFE56 /* feedless */,
				902D04862458AAAA007CFE56 /* feedlessTests */,
				902D04912458AAAA007CFE56 /* feedlessUITests */,
			);
		};
/* End PBXProject section */

/* Begin PBXResourcesBuildPhase section */
		902D046F2458AAA7007CFE56 /* Resources */ = {
			isa = PBXResourcesBuildPhase;
			buildActionMask = 2147483647;
			files = (
				907A595524791ABF007C0983 /* communityDetails.json in Resources */,
				902D04812458AAAA007CFE56 /* LaunchScreen.storyboard in Resources */,
				907A595F247B250C007C0983 /* search.json in Resources */,
				90CDBA7D247123D9008EA9BE /* fullProfile.json in Resources */,
				902D047E2458AAAA007CFE56 /* Preview Assets.xcassets in Resources */,
				90CDBA842476815E008EA9BE /* secrets.json in Resources */,
				902D047B2458AAAA007CFE56 /* Assets.xcassets in Resources */,
			);
			runOnlyForDeploymentPostprocessing = 0;
		};
		902D04852458AAAA007CFE56 /* Resources */ = {
			isa = PBXResourcesBuildPhase;
			buildActionMask = 2147483647;
			files = (
			);
			runOnlyForDeploymentPostprocessing = 0;
		};
		902D04902458AAAA007CFE56 /* Resources */ = {
			isa = PBXResourcesBuildPhase;
			buildActionMask = 2147483647;
			files = (
			);
			runOnlyForDeploymentPostprocessing = 0;
		};
/* End PBXResourcesBuildPhase section */

/* Begin PBXShellScriptBuildPhase section */
		90FE79A3246298C1004CC526 /* [JS] Build native modules, concat script and copy backend to bundle */ = {
			isa = PBXShellScriptBuildPhase;
			buildActionMask = 12;
			files = (
			);
			inputFileListPaths = (
			);
			inputPaths = (
			);
			name = "[JS] Build native modules, concat script and copy backend to bundle";
			outputFileListPaths = (
			);
			outputPaths = (
			);
			runOnlyForDeploymentPostprocessing = 0;
			shellPath = /bin/sh;
			shellScript = "cd backend\nnpm run install:ios\nnpm run build\n\ncd ..\n./backend/tools/sync-backend.sh\n";
		};
/* End PBXShellScriptBuildPhase section */

/* Begin PBXSourcesBuildPhase section */
		902D046D2458AAA7007CFE56 /* Sources */ = {
			isa = PBXSourcesBuildPhase;
			buildActionMask = 2147483647;
			files = (
				902D04752458AAA7007CFE56 /* AppDelegate.swift in Sources */,
				90B81B96245ECC00005C5D31 /* NodeRunner.mm in Sources */,
				90CDBA7B24708D87008EA9BE /* FriendsScreen.swift in Sources */,
				90CDBA792470613D008EA9BE /* ImageLoader.swift in Sources */,
				900BE29A2458B05800C77595 /* Login.swift in Sources */,
				907A5959247A5282007C0983 /* PrimaryButton.swift in Sources */,
				90B6A2DA2476B94F004B0BFF /* SecretMessagesModal.swift in Sources */,
				90CDBA7324701882008EA9BE /* Samples.swift in Sources */,
				9053055B245F7C23006C054D /* Utils.swift in Sources */,
				907A5963247D7362007C0983 /* Extensions.swift in Sources */,
				907A595324791398007C0983 /* Communities.swift in Sources */,
				907A5961247B9D58007C0983 /* Router.swift in Sources */,
				90CDBA7F247676B6008EA9BE /* SecretsScreen.swift in Sources */,
				90DD38042477EF0500B236A3 /* FocusableTextField.swift in Sources */,
				907A59572479285B007C0983 /* CommunitiesTopic.swift in Sources */,
				907002172466B77D00548946 /* Debug.swift in Sources */,
				90CDBA6E246F5F2C008EA9BE /* DataLoader.swift in Sources */,
				90CDBA752470245F008EA9BE /* PostsList.swift in Sources */,
				90CDBA68246F5971008EA9BE /* Profiles.swift in Sources */,
				902D04772458AAA7007CFE56 /* SceneDelegate.swift in Sources */,
				902B7236247829E1007F4990 /* MultilineTextField.swift in Sources */,
				900BE2972458AEEC00C77595 /* Index.swift in Sources */,
				9053055F245FE975006C054D /* Types.swift in Sources */,
				9061FAA0246E713C00AA988A /* ProfileScreen.swift in Sources */,
				90CDBA7124700D88008EA9BE /* Styles.swift in Sources */,
				90CDBA66246F5923008EA9BE /* Context.swift in Sources */,
				907A594F24790EA0007C0983 /* CommunitiesList.swift in Sources */,
				90CDBA77247026A5008EA9BE /* AsyncImage.swift in Sources */,
				90CDBA6C246F5B77008EA9BE /* Entries.swift in Sources */,
				90CDBA81247676F4008EA9BE /* Secrets.swift in Sources */,
				9061FA9E246DA40500AA988A /* NavigationMenu.swift in Sources */,
				907A595B247B1687007C0983 /* Search.swift in Sources */,
				907A5951247912FA007C0983 /* CommunitiesShow.swift in Sources */,
				902D04792458AAA7007CFE56 /* MainScreen.swift in Sources */,
				907A595D247B1A03007C0983 /* SearchScreen.swift in Sources */,
			);
			runOnlyForDeploymentPostprocessing = 0;
		};
		902D04832458AAAA007CFE56 /* Sources */ = {
			isa = PBXSourcesBuildPhase;
			buildActionMask = 2147483647;
			files = (
				902D048C2458AAAA007CFE56 /* feedlessTests.swift in Sources */,
			);
			runOnlyForDeploymentPostprocessing = 0;
		};
		902D048E2458AAAA007CFE56 /* Sources */ = {
			isa = PBXSourcesBuildPhase;
			buildActionMask = 2147483647;
			files = (
				902D04972458AAAA007CFE56 /* feedlessUITests.swift in Sources */,
			);
			runOnlyForDeploymentPostprocessing = 0;
		};
/* End PBXSourcesBuildPhase section */

/* Begin PBXTargetDependency section */
		902D04892458AAAA007CFE56 /* PBXTargetDependency */ = {
			isa = PBXTargetDependency;
			target = 902D04702458AAA7007CFE56 /* feedless */;
			targetProxy = 902D04882458AAAA007CFE56 /* PBXContainerItemProxy */;
		};
		902D04942458AAAA007CFE56 /* PBXTargetDependency */ = {
			isa = PBXTargetDependency;
			target = 902D04702458AAA7007CFE56 /* feedless */;
			targetProxy = 902D04932458AAAA007CFE56 /* PBXContainerItemProxy */;
		};
/* End PBXTargetDependency section */

/* Begin PBXVariantGroup section */
		902D047F2458AAAA007CFE56 /* LaunchScreen.storyboard */ = {
			isa = PBXVariantGroup;
			children = (
				902D04802458AAAA007CFE56 /* Base */,
			);
			name = LaunchScreen.storyboard;
			sourceTree = "<group>";
		};
/* End PBXVariantGroup section */

/* Begin XCBuildConfiguration section */
		902D04992458AAAA007CFE56 /* Debug */ = {
			isa = XCBuildConfiguration;
			buildSettings = {
				ALWAYS_SEARCH_USER_PATHS = NO;
				CLANG_ANALYZER_NONNULL = YES;
				CLANG_ANALYZER_NUMBER_OBJECT_CONVERSION = YES_AGGRESSIVE;
				CLANG_CXX_LANGUAGE_STANDARD = "gnu++0x";
				CLANG_CXX_LIBRARY = "libc++";
				CLANG_ENABLE_MODULES = YES;
				CLANG_ENABLE_OBJC_ARC = YES;
				CLANG_ENABLE_OBJC_WEAK = YES;
				CLANG_WARN_BLOCK_CAPTURE_AUTORELEASING = YES;
				CLANG_WARN_BOOL_CONVERSION = YES;
				CLANG_WARN_COMMA = YES;
				CLANG_WARN_CONSTANT_CONVERSION = YES;
				CLANG_WARN_DEPRECATED_OBJC_IMPLEMENTATIONS = YES;
				CLANG_WARN_DIRECT_OBJC_ISA_USAGE = YES_ERROR;
				CLANG_WARN_DOCUMENTATION_COMMENTS = YES;
				CLANG_WARN_EMPTY_BODY = YES;
				CLANG_WARN_ENUM_CONVERSION = YES;
				CLANG_WARN_INFINITE_RECURSION = YES;
				CLANG_WARN_INT_CONVERSION = YES;
				CLANG_WARN_NON_LITERAL_NULL_CONVERSION = YES;
				CLANG_WARN_OBJC_IMPLICIT_RETAIN_SELF = YES;
				CLANG_WARN_OBJC_LITERAL_CONVERSION = YES;
				CLANG_WARN_OBJC_ROOT_CLASS = YES_ERROR;
				CLANG_WARN_RANGE_LOOP_ANALYSIS = YES;
				CLANG_WARN_STRICT_PROTOTYPES = YES;
				CLANG_WARN_SUSPICIOUS_MOVE = YES;
				CLANG_WARN_UNGUARDED_AVAILABILITY = YES_AGGRESSIVE;
				CLANG_WARN_UNREACHABLE_CODE = YES;
				CLANG_WARN__DUPLICATE_METHOD_MATCH = YES;
				COPY_PHASE_STRIP = NO;
				DEBUG_INFORMATION_FORMAT = dwarf;
				ENABLE_STRICT_OBJC_MSGSEND = YES;
				ENABLE_TESTABILITY = YES;
				GCC_C_LANGUAGE_STANDARD = gnu99;
				GCC_DYNAMIC_NO_PIC = NO;
				GCC_NO_COMMON_BLOCKS = YES;
				GCC_OPTIMIZATION_LEVEL = 0;
				GCC_PREPROCESSOR_DEFINITIONS = (
					"DEBUG=1",
					"$(inherited)",
				);
				GCC_WARN_64_TO_32_BIT_CONVERSION = YES;
				GCC_WARN_ABOUT_RETURN_TYPE = YES_ERROR;
				GCC_WARN_UNDECLARED_SELECTOR = YES;
				GCC_WARN_UNINITIALIZED_AUTOS = YES_AGGRESSIVE;
				GCC_WARN_UNUSED_FUNCTION = YES;
				GCC_WARN_UNUSED_VARIABLE = YES;
				IPHONEOS_DEPLOYMENT_TARGET = 13.2;
				MTL_ENABLE_DEBUG_INFO = INCLUDE_SOURCE;
				MTL_FAST_MATH = YES;
				ONLY_ACTIVE_ARCH = YES;
				SDKROOT = iphoneos;
				SWIFT_ACTIVE_COMPILATION_CONDITIONS = DEBUG;
				SWIFT_OPTIMIZATION_LEVEL = "-Onone";
			};
			name = Debug;
		};
		902D049A2458AAAA007CFE56 /* Release */ = {
			isa = XCBuildConfiguration;
			buildSettings = {
				ALWAYS_SEARCH_USER_PATHS = NO;
				CLANG_ANALYZER_NONNULL = YES;
				CLANG_ANALYZER_NUMBER_OBJECT_CONVERSION = YES_AGGRESSIVE;
				CLANG_CXX_LANGUAGE_STANDARD = "gnu++0x";
				CLANG_CXX_LIBRARY = "libc++";
				CLANG_ENABLE_MODULES = YES;
				CLANG_ENABLE_OBJC_ARC = YES;
				CLANG_ENABLE_OBJC_WEAK = YES;
				CLANG_WARN_BLOCK_CAPTURE_AUTORELEASING = YES;
				CLANG_WARN_BOOL_CONVERSION = YES;
				CLANG_WARN_COMMA = YES;
				CLANG_WARN_CONSTANT_CONVERSION = YES;
				CLANG_WARN_DEPRECATED_OBJC_IMPLEMENTATIONS = YES;
				CLANG_WARN_DIRECT_OBJC_ISA_USAGE = YES_ERROR;
				CLANG_WARN_DOCUMENTATION_COMMENTS = YES;
				CLANG_WARN_EMPTY_BODY = YES;
				CLANG_WARN_ENUM_CONVERSION = YES;
				CLANG_WARN_INFINITE_RECURSION = YES;
				CLANG_WARN_INT_CONVERSION = YES;
				CLANG_WARN_NON_LITERAL_NULL_CONVERSION = YES;
				CLANG_WARN_OBJC_IMPLICIT_RETAIN_SELF = YES;
				CLANG_WARN_OBJC_LITERAL_CONVERSION = YES;
				CLANG_WARN_OBJC_ROOT_CLASS = YES_ERROR;
				CLANG_WARN_RANGE_LOOP_ANALYSIS = YES;
				CLANG_WARN_STRICT_PROTOTYPES = YES;
				CLANG_WARN_SUSPICIOUS_MOVE = YES;
				CLANG_WARN_UNGUARDED_AVAILABILITY = YES_AGGRESSIVE;
				CLANG_WARN_UNREACHABLE_CODE = YES;
				CLANG_WARN__DUPLICATE_METHOD_MATCH = YES;
				COPY_PHASE_STRIP = NO;
				DEBUG_INFORMATION_FORMAT = "dwarf-with-dsym";
				ENABLE_NS_ASSERTIONS = NO;
				ENABLE_STRICT_OBJC_MSGSEND = YES;
				GCC_C_LANGUAGE_STANDARD = gnu99;
				GCC_NO_COMMON_BLOCKS = YES;
				GCC_WARN_64_TO_32_BIT_CONVERSION = YES;
				GCC_WARN_ABOUT_RETURN_TYPE = YES_ERROR;
				GCC_WARN_UNDECLARED_SELECTOR = YES;
				GCC_WARN_UNINITIALIZED_AUTOS = YES_AGGRESSIVE;
				GCC_WARN_UNUSED_FUNCTION = YES;
				GCC_WARN_UNUSED_VARIABLE = YES;
				IPHONEOS_DEPLOYMENT_TARGET = 13.2;
				MTL_ENABLE_DEBUG_INFO = NO;
				MTL_FAST_MATH = YES;
				SDKROOT = iphoneos;
				SWIFT_COMPILATION_MODE = wholemodule;
				SWIFT_OPTIMIZATION_LEVEL = "-O";
				VALIDATE_PRODUCT = YES;
			};
			name = Release;
		};
		902D049C2458AAAA007CFE56 /* Debug */ = {
			isa = XCBuildConfiguration;
			buildSettings = {
				ASSETCATALOG_COMPILER_APPICON_NAME = AppIcon;
				CLANG_ENABLE_MODULES = YES;
				CODE_SIGN_ENTITLEMENTS = feedless/feedless.entitlements;
				CODE_SIGN_IDENTITY = "Apple Development";
				CODE_SIGN_STYLE = Automatic;
				DEVELOPMENT_ASSET_PATHS = "feedless/Preview\\ Content";
				DEVELOPMENT_TEAM = 8FY84BDRUF;
				ENABLE_BITCODE = NO;
				FRAMEWORK_SEARCH_PATHS = (
					"$(inherited)",
					"$(PROJECT_DIR)/libnode",
				);
				INFOPLIST_FILE = feedless/Info.plist;
				IPHONEOS_DEPLOYMENT_TARGET = 13.3;
				LD_RUNPATH_SEARCH_PATHS = (
					"$(inherited)",
					"@executable_path/Frameworks",
				);
				PRODUCT_BUNDLE_IDENTIFIER = com.rogeriochaves.feedless;
				PRODUCT_NAME = Feedless;
				PROVISIONING_PROFILE_SPECIFIER = "";
				SWIFT_OBJC_BRIDGING_HEADER = "feedless/feedless-Bridging-Header.h";
				SWIFT_VERSION = 5.0;
				TARGETED_DEVICE_FAMILY = 1;
			};
			name = Debug;
		};
		902D049D2458AAAA007CFE56 /* Release */ = {
			isa = XCBuildConfiguration;
			buildSettings = {
				ASSETCATALOG_COMPILER_APPICON_NAME = AppIcon;
				CLANG_ENABLE_MODULES = YES;
				CODE_SIGN_ENTITLEMENTS = feedless/feedless.entitlements;
				CODE_SIGN_IDENTITY = "Apple Development";
				CODE_SIGN_STYLE = Automatic;
				DEVELOPMENT_ASSET_PATHS = "feedless/Preview\\ Content";
				DEVELOPMENT_TEAM = 8FY84BDRUF;
				ENABLE_BITCODE = NO;
				FRAMEWORK_SEARCH_PATHS = (
					"$(inherited)",
					"$(PROJECT_DIR)/libnode",
				);
				INFOPLIST_FILE = feedless/Info.plist;
				IPHONEOS_DEPLOYMENT_TARGET = 13.3;
				LD_RUNPATH_SEARCH_PATHS = (
					"$(inherited)",
					"@executable_path/Frameworks",
				);
				PRODUCT_BUNDLE_IDENTIFIER = com.rogeriochaves.feedless;
				PRODUCT_NAME = Feedless;
				PROVISIONING_PROFILE_SPECIFIER = "";
				SWIFT_OBJC_BRIDGING_HEADER = "feedless/feedless-Bridging-Header.h";
				SWIFT_VERSION = 5.0;
				TARGETED_DEVICE_FAMILY = 1;
			};
			name = Release;
		};
		902D049F2458AAAA007CFE56 /* Debug */ = {
			isa = XCBuildConfiguration;
			buildSettings = {
				ALWAYS_EMBED_SWIFT_STANDARD_LIBRARIES = YES;
				BUNDLE_LOADER = "$(TEST_HOST)";
				CODE_SIGN_STYLE = Automatic;
				INFOPLIST_FILE = feedlessTests/Info.plist;
				IPHONEOS_DEPLOYMENT_TARGET = 13.2;
				LD_RUNPATH_SEARCH_PATHS = (
					"$(inherited)",
					"@executable_path/Frameworks",
					"@loader_path/Frameworks",
				);
				PRODUCT_BUNDLE_IDENTIFIER = com.rogeriochaves.feedlessTests;
				PRODUCT_NAME = "$(TARGET_NAME)";
				SWIFT_VERSION = 5.0;
				TARGETED_DEVICE_FAMILY = "1,2";
				TEST_HOST = "$(BUILT_PRODUCTS_DIR)/feedless.app/feedless";
			};
			name = Debug;
		};
		902D04A02458AAAA007CFE56 /* Release */ = {
			isa = XCBuildConfiguration;
			buildSettings = {
				ALWAYS_EMBED_SWIFT_STANDARD_LIBRARIES = YES;
				BUNDLE_LOADER = "$(TEST_HOST)";
				CODE_SIGN_STYLE = Automatic;
				INFOPLIST_FILE = feedlessTests/Info.plist;
				IPHONEOS_DEPLOYMENT_TARGET = 13.2;
				LD_RUNPATH_SEARCH_PATHS = (
					"$(inherited)",
					"@executable_path/Frameworks",
					"@loader_path/Frameworks",
				);
				PRODUCT_BUNDLE_IDENTIFIER = com.rogeriochaves.feedlessTests;
				PRODUCT_NAME = "$(TARGET_NAME)";
				SWIFT_VERSION = 5.0;
				TARGETED_DEVICE_FAMILY = "1,2";
				TEST_HOST = "$(BUILT_PRODUCTS_DIR)/feedless.app/feedless";
			};
			name = Release;
		};
		902D04A22458AAAA007CFE56 /* Debug */ = {
			isa = XCBuildConfiguration;
			buildSettings = {
				ALWAYS_EMBED_SWIFT_STANDARD_LIBRARIES = YES;
				CODE_SIGN_STYLE = Automatic;
				INFOPLIST_FILE = feedlessUITests/Info.plist;
				LD_RUNPATH_SEARCH_PATHS = (
					"$(inherited)",
					"@executable_path/Frameworks",
					"@loader_path/Frameworks",
				);
				PRODUCT_BUNDLE_IDENTIFIER = com.rogeriochaves.feedlessUITests;
				PRODUCT_NAME = "$(TARGET_NAME)";
				SWIFT_VERSION = 5.0;
				TARGETED_DEVICE_FAMILY = "1,2";
				TEST_TARGET_NAME = feedless;
			};
			name = Debug;
		};
		902D04A32458AAAA007CFE56 /* Release */ = {
			isa = XCBuildConfiguration;
			buildSettings = {
				ALWAYS_EMBED_SWIFT_STANDARD_LIBRARIES = YES;
				CODE_SIGN_STYLE = Automatic;
				INFOPLIST_FILE = feedlessUITests/Info.plist;
				LD_RUNPATH_SEARCH_PATHS = (
					"$(inherited)",
					"@executable_path/Frameworks",
					"@loader_path/Frameworks",
				);
				PRODUCT_BUNDLE_IDENTIFIER = com.rogeriochaves.feedlessUITests;
				PRODUCT_NAME = "$(TARGET_NAME)";
				SWIFT_VERSION = 5.0;
				TARGETED_DEVICE_FAMILY = "1,2";
				TEST_TARGET_NAME = feedless;
			};
			name = Release;
		};
/* End XCBuildConfiguration section */

/* Begin XCConfigurationList section */
		902D046C2458AAA7007CFE56 /* Build configuration list for PBXProject "feedless" */ = {
			isa = XCConfigurationList;
			buildConfigurations = (
				902D04992458AAAA007CFE56 /* Debug */,
				902D049A2458AAAA007CFE56 /* Release */,
			);
			defaultConfigurationIsVisible = 0;
			defaultConfigurationName = Release;
		};
		902D049B2458AAAA007CFE56 /* Build configuration list for PBXNativeTarget "feedless" */ = {
			isa = XCConfigurationList;
			buildConfigurations = (
				902D049C2458AAAA007CFE56 /* Debug */,
				902D049D2458AAAA007CFE56 /* Release */,
			);
			defaultConfigurationIsVisible = 0;
			defaultConfigurationName = Release;
		};
		902D049E2458AAAA007CFE56 /* Build configuration list for PBXNativeTarget "feedlessTests" */ = {
			isa = XCConfigurationList;
			buildConfigurations = (
				902D049F2458AAAA007CFE56 /* Debug */,
				902D04A02458AAAA007CFE56 /* Release */,
			);
			defaultConfigurationIsVisible = 0;
			defaultConfigurationName = Release;
		};
		902D04A12458AAAA007CFE56 /* Build configuration list for PBXNativeTarget "feedlessUITests" */ = {
			isa = XCConfigurationList;
			buildConfigurations = (
				902D04A22458AAAA007CFE56 /* Debug */,
				902D04A32458AAAA007CFE56 /* Release */,
			);
			defaultConfigurationIsVisible = 0;
			defaultConfigurationName = Release;
		};
/* End XCConfigurationList section */
	};
	rootObject = 902D04692458AAA7007CFE56 /* Project object */;
}
